{
  "originHash" : "a964fd40681a9607a424f278bb14f8880388d082da83a85cd24e87ed02590396",
  "pins" : [
    {
      "identity" : "k1",
      "kind" : "remoteSourceControl",
      "location" : "https://github.com/Sajjon/K1.git",
      "state" : {
        "revision" : "c77e6c2bd23ec019b7ecf80b567f5eccbec59887",
        "version" : "0.6.0"
      }
    }
  ],
  "version" : 3
}
