PODS:
  - BaseDevtool (3.2.0):
    - BaseDevtool/framework (= 3.2.0)
  - BaseDevtool/framework (3.2.0):
    - DebugRouter (>= 5.0.8)
    - Lynx (= 3.2.0)
  - CryptoSwift (1.8.4)
  - DebugRouter (5.0.8):
    - DebugRouter/Framework (= 5.0.8)
    - DebugRouter/Native (= 5.0.8)
    - DebugRouter/third_party (= 5.0.8)
  - DebugRouter/Framework (5.0.8):
    - DebugRouter/Native
    - SocketRocket (= 0.6.0)
  - DebugRouter/Native (5.0.8):
    - DebugRouter/third_party
  - DebugRouter/third_party (5.0.8):
    - DebugRouter/third_party/jsoncpp (= 5.0.8)
  - DebugRouter/third_party/jsoncpp (5.0.8)
  - libwebp (1.5.0):
    - libwebp/demux (= 1.5.0)
    - libwebp/mux (= 1.5.0)
    - libwebp/sharpyuv (= 1.5.0)
    - libwebp/webp (= 1.5.0)
  - libwebp/demux (1.5.0):
    - libwebp/webp
  - libwebp/mux (1.5.0):
    - libwebp/demux
  - libwebp/sharpyuv (1.5.0)
  - libwebp/webp (1.5.0):
    - libwebp/sharpyuv
  - Lynx (3.2.0):
    - Lynx/Framework (= 3.2.0)
  - Lynx/Framework (3.2.0):
    - Lynx/ReleaseResource
    - PrimJS/napi/env
    - PrimJS/napi/jsc
    - PrimJS/napi/quickjs
    - PrimJS/quickjs
  - Lynx/ReleaseResource (3.2.0)
  - Lynx/Replay (3.2.0):
    - Lynx/Framework
  - LynxDevtool (3.2.0):
    - LynxDevtool/Framework (= 3.2.0)
    - LynxDevtool/LynxCore (= 3.2.0)
  - LynxDevtool/Framework (3.2.0):
    - BaseDevtool (= 3.2.0)
    - DebugRouter (>= 5.0.8)
    - Lynx (= 3.2.0)
    - LynxDevtool/Framework/zlib (= 3.2.0)
    - LynxDevtool/LynxCore
    - PrimJS/quickjs_debugger
    - PrimJS/quickjs_heapprofiler
    - PrimJS/quickjs_profiler
    - SocketRocket
  - LynxDevtool/Framework/zlib (3.2.0):
    - BaseDevtool (= 3.2.0)
    - DebugRouter (>= 5.0.8)
    - Lynx (= 3.2.0)
    - LynxDevtool/LynxCore
    - PrimJS/quickjs_debugger
    - PrimJS/quickjs_heapprofiler
    - PrimJS/quickjs_profiler
    - SocketRocket
  - LynxDevtool/LynxCore (3.2.0)
  - LynxService/Devtool (3.2.0):
    - Lynx (= 3.2.0)
    - LynxDevtool (= 3.2.0)
  - LynxService/Http (3.2.0):
    - Lynx (= 3.2.0)
  - LynxService/Image (3.2.0):
    - Lynx (= 3.2.0)
    - SDWebImage (= 5.15.5)
    - SDWebImageWebPCoder (= 0.11.0)
  - LynxService/Log (3.2.0):
    - Lynx (= 3.2.0)
  - PrimJS/log (2.12.0)
  - PrimJS/napi (2.12.0):
    - PrimJS/napi/core (= 2.12.0)
    - PrimJS/napi/env (= 2.12.0)
    - PrimJS/napi/jsc (= 2.12.0)
    - PrimJS/napi/quickjs (= 2.12.0)
  - PrimJS/napi/core (2.12.0)
  - PrimJS/napi/env (2.12.0):
    - PrimJS/napi/core
  - PrimJS/napi/jsc (2.12.0):
    - PrimJS/log
    - PrimJS/napi/core
    - PrimJS/quickjs
  - PrimJS/napi/quickjs (2.12.0):
    - PrimJS/napi/core
    - PrimJS/quickjs
  - PrimJS/quickjs (2.12.0):
    - PrimJS/log
  - PrimJS/quickjs_debugger (2.12.0):
    - PrimJS/quickjs
  - PrimJS/quickjs_heapprofiler (2.12.0):
    - PrimJS/quickjs_debugger
  - PrimJS/quickjs_profiler (2.12.0):
    - PrimJS/quickjs_debugger
  - SDWebImage (5.15.5):
    - SDWebImage/Core (= 5.15.5)
  - SDWebImage/Core (5.15.5)
  - SDWebImageWebPCoder (0.11.0):
    - libwebp (~> 1.0)
    - SDWebImage/Core (~> 5.15)
  - SocketRocket (0.6.0)

DEPENDENCIES:
  - CryptoSwift
  - DebugRouter (= 5.0.8)
  - Lynx/Framework (= 3.2.0)
  - Lynx/Replay (= 3.2.0)
  - LynxService/Devtool (= 3.2.0)
  - LynxService/Http (= 3.2.0)
  - LynxService/Image (= 3.2.0)
  - LynxService/Log (= 3.2.0)
  - PrimJS/napi (= 2.12.0)
  - PrimJS/quickjs (= 2.12.0)
  - SDWebImage (= 5.15.5)
  - SDWebImageWebPCoder (= 0.11.0)

SPEC REPOS:
  trunk:
    - BaseDevtool
    - CryptoSwift
    - DebugRouter
    - libwebp
    - Lynx
    - LynxDevtool
    - LynxService
    - PrimJS
    - SDWebImage
    - SDWebImageWebPCoder
    - SocketRocket

SPEC CHECKSUMS:
  BaseDevtool: a54c656d1cb2460e4e239d3d49091c690c7b1a6f
  CryptoSwift: e64e11850ede528a02a0f3e768cec8e9d92ecb90
  DebugRouter: 06c65abcbd5c9b0df45a2b241f9073c18e6ab18d
  libwebp: 02b23773aedb6ff1fd38cec7a77b81414c6842a8
  Lynx: 1d2177abebf26c57cde7b2e0161b849e7c0a2370
  LynxDevtool: 6d1e55f220844d18e32e6c74acef3e5439ec6838
  LynxService: b68651147f8e01030b8aa9d4e2789a56cb689311
  PrimJS: 58e0e09bdccc1429544c8575f4ddc5e70a9d8f5c
  SDWebImage: fd7e1a22f00303e058058278639bf6196ee431fe
  SDWebImageWebPCoder: 295a6573c512f54ad2dd58098e64e17dcf008499
  SocketRocket: fccef3f9c5cedea1353a9ef6ada904fde10d6608

PODFILE CHECKSUM: 945290db400ee6ece75bd655b7e0d4f4a5123b0b

COCOAPODS: 1.16.2
