PODS:
  - libwebp (1.5.0):
    - libwebp/demux (= 1.5.0)
    - libwebp/mux (= 1.5.0)
    - libwebp/sharpyuv (= 1.5.0)
    - libwebp/webp (= 1.5.0)
  - libwebp/demux (1.5.0):
    - libwebp/webp
  - libwebp/mux (1.5.0):
    - libwebp/demux
  - libwebp/sharpyuv (1.5.0)
  - libwebp/webp (1.5.0):
    - libwebp/sharpyuv
  - Lynx (3.4.1):
    - Lynx/Framework (= 3.4.1)
  - Lynx/Framework (3.4.1):
    - Lynx/ReleaseResource
    - PrimJS/napi/env
    - PrimJS/napi/jsc
    - PrimJS/napi/quickjs
    - PrimJS/quickjs (= 2.14.0-rc.1)
  - Lynx/ReleaseResource (3.4.1)
  - LynxService/Http (3.4.1):
    - Lynx (= 3.4.1)
  - LynxService/Image (3.4.1):
    - Lynx (= 3.4.1)
    - SDWebImage (= 5.15.5)
    - SDWebImageWebPCoder (= 0.11.0)
  - LynxService/Log (3.4.1):
    - Lynx (= 3.4.1)
  - PrimJS/log (2.14.0-rc.1)
  - PrimJS/napi (2.14.0-rc.1):
    - PrimJS/napi/adapter (= 2.14.0-rc.1)
    - PrimJS/napi/core (= 2.14.0-rc.1)
    - PrimJS/napi/env (= 2.14.0-rc.1)
    - PrimJS/napi/jsc (= 2.14.0-rc.1)
    - PrimJS/napi/quickjs (= 2.14.0-rc.1)
  - PrimJS/napi/adapter (2.14.0-rc.1):
    - PrimJS/napi/core
    - PrimJS/napi/env
  - PrimJS/napi/core (2.14.0-rc.1)
  - PrimJS/napi/env (2.14.0-rc.1):
    - PrimJS/napi/core
  - PrimJS/napi/jsc (2.14.0-rc.1):
    - PrimJS/log
    - PrimJS/napi/core
    - PrimJS/quickjs
  - PrimJS/napi/quickjs (2.14.0-rc.1):
    - PrimJS/napi/core
    - PrimJS/quickjs
  - PrimJS/quickjs (2.14.0-rc.1):
    - PrimJS/log
  - SDWebImage (5.15.5):
    - SDWebImage/Core (= 5.15.5)
  - SDWebImage/Core (5.15.5)
  - SDWebImageWebPCoder (0.11.0):
    - libwebp (~> 1.0)
    - SDWebImage/Core (~> 5.15)
  - XElement (3.4.1):
    - XElement/Behavior (= 3.4.1)
    - XElement/Input (= 3.4.1)
  - XElement/Behavior (3.4.1):
    - Lynx (= 3.4.1)
    - XElement/Input
  - XElement/Input (3.4.1):
    - Lynx (= 3.4.1)

DEPENDENCIES:
  - Lynx/Framework (= 3.4.1)
  - LynxService/Http (= 3.4.1)
  - LynxService/Image (= 3.4.1)
  - LynxService/Log (= 3.4.1)
  - PrimJS/napi (= 2.14.0-rc.1)
  - PrimJS/quickjs (= 2.14.0-rc.1)
  - SDWebImage (= 5.15.5)
  - SDWebImageWebPCoder (= 0.11.0)
  - XElement (= 3.4.1)

SPEC REPOS:
  trunk:
    - libwebp
    - Lynx
    - LynxService
    - PrimJS
    - SDWebImage
    - SDWebImageWebPCoder
    - XElement

SPEC CHECKSUMS:
  libwebp: 02b23773aedb6ff1fd38cec7a77b81414c6842a8
  Lynx: a05e8800b33ebb2c7b6e9de2c2d2f9a9f015f603
  LynxService: d5ec07214d8255c957c9e34604503502c53d7a60
  PrimJS: 0254a97a9fddf92d492a69dc8e98e62480bf79ff
  SDWebImage: fd7e1a22f00303e058058278639bf6196ee431fe
  SDWebImageWebPCoder: 295a6573c512f54ad2dd58098e64e17dcf008499
  XElement: 68a2c4add841278055fb1907d7e0fa26bbb91663

PODFILE CHECKSUM: 36289b3fd6ef0d406b48b7aef70757aa0fa750d6

COCOAPODS: 1.16.2
