PODS:
  - BaseDevtool (3.4.1-dev):
    - BaseDevtool/framework (= 3.4.1-dev)
  - BaseDevtool/framework (3.4.1-dev):
    - DebugRouter (>= 5.0.11)
    - Lynx (= 3.4.1-dev)
  - DebugRouter (5.0.13):
    - DebugRouter/Framework (= 5.0.13)
    - DebugRouter/MessageTransceiverEnable (= 5.0.13)
    - DebugRouter/Native (= 5.0.13)
    - DebugRouter/third_party (= 5.0.13)
  - DebugRouter/Framework (5.0.13):
    - DebugRouter/Native
  - DebugRouter/MessageTransceiverEnable (5.0.13)
  - DebugRouter/Native (5.0.13):
    - DebugRouter/third_party
  - DebugRouter/third_party (5.0.13):
    - DebugRouter/third_party/jsoncpp (= 5.0.13)
  - DebugRouter/third_party/jsoncpp (5.0.13)
  - libwebp (1.5.0):
    - libwebp/demux (= 1.5.0)
    - libwebp/mux (= 1.5.0)
    - libwebp/sharpyuv (= 1.5.0)
    - libwebp/webp (= 1.5.0)
  - libwebp/demux (1.5.0):
    - libwebp/webp
  - libwebp/mux (1.5.0):
    - libwebp/demux
  - libwebp/sharpyuv (1.5.0)
  - libwebp/webp (1.5.0):
    - libwebp/sharpyuv
  - Lynx (3.4.1-dev):
    - Lynx/Framework (= 3.4.1-dev)
  - Lynx/Framework (3.4.1-dev):
    - Lynx/Framework/Recorder (= 3.4.1-dev)
    - Lynx/Framework/Replay (= 3.4.1-dev)
    - Lynx/ReleaseResource
    - PrimJS/napi/env
    - PrimJS/napi/jsc
    - PrimJS/napi/quickjs
    - PrimJS/quickjs (= 2.14.0-rc.1)
  - Lynx/Framework/Recorder (3.4.1-dev):
    - Lynx/ReleaseResource
    - PrimJS/napi/env
    - PrimJS/napi/jsc
    - PrimJS/napi/quickjs
    - PrimJS/quickjs (= 2.14.0-rc.1)
  - Lynx/Framework/Replay (3.4.1-dev):
    - Lynx/ReleaseResource
    - PrimJS/napi/env
    - PrimJS/napi/jsc
    - PrimJS/napi/quickjs
    - PrimJS/quickjs (= 2.14.0-rc.1)
  - Lynx/ReleaseResource (3.4.1-dev)
  - LynxDevtool (3.4.1-dev):
    - LynxDevtool/Framework (= 3.4.1-dev)
    - LynxDevtool/LynxCore (= 3.4.1-dev)
    - LynxDevtool/LynxRecorder (= 3.4.1-dev)
  - LynxDevtool/Framework (3.4.1-dev):
    - BaseDevtool (= 3.4.1-dev)
    - DebugRouter (>= 5.0.11)
    - Lynx (= 3.4.1-dev)
    - LynxDevtool/Framework/zlib (= 3.4.1-dev)
    - LynxDevtool/LynxCore
    - PrimJS/quickjs_debugger
    - PrimJS/quickjs_heapprofiler
    - PrimJS/quickjs_profiler
    - SocketRocket
  - LynxDevtool/Framework/zlib (3.4.1-dev):
    - BaseDevtool (= 3.4.1-dev)
    - DebugRouter (>= 5.0.11)
    - Lynx (= 3.4.1-dev)
    - LynxDevtool/LynxCore
    - PrimJS/quickjs_debugger
    - PrimJS/quickjs_heapprofiler
    - PrimJS/quickjs_profiler
    - SocketRocket
  - LynxDevtool/LynxCore (3.4.1-dev)
  - LynxDevtool/LynxRecorder (3.4.1-dev):
    - LynxDevtool/Framework
  - LynxService/Devtool (3.4.1-dev):
    - Lynx (= 3.4.1-dev)
    - LynxDevtool (= 3.4.1-dev)
  - LynxService/Http (3.4.1-dev):
    - Lynx (= 3.4.1-dev)
  - LynxService/Image (3.4.1-dev):
    - Lynx (= 3.4.1-dev)
    - SDWebImage (= 5.15.5)
    - SDWebImageWebPCoder (= 0.11.0)
  - LynxService/Log (3.4.1-dev):
    - Lynx (= 3.4.1-dev)
  - PrimJS/log (2.14.0-rc.1)
  - PrimJS/napi (2.14.0-rc.1):
    - PrimJS/napi/adapter (= 2.14.0-rc.1)
    - PrimJS/napi/core (= 2.14.0-rc.1)
    - PrimJS/napi/env (= 2.14.0-rc.1)
    - PrimJS/napi/jsc (= 2.14.0-rc.1)
    - PrimJS/napi/quickjs (= 2.14.0-rc.1)
  - PrimJS/napi/adapter (2.14.0-rc.1):
    - PrimJS/napi/core
    - PrimJS/napi/env
  - PrimJS/napi/core (2.14.0-rc.1)
  - PrimJS/napi/env (2.14.0-rc.1):
    - PrimJS/napi/core
  - PrimJS/napi/jsc (2.14.0-rc.1):
    - PrimJS/log
    - PrimJS/napi/core
    - PrimJS/quickjs
  - PrimJS/napi/quickjs (2.14.0-rc.1):
    - PrimJS/napi/core
    - PrimJS/quickjs
  - PrimJS/quickjs (2.14.0-rc.1):
    - PrimJS/log
  - PrimJS/quickjs_debugger (2.14.0-rc.1):
    - PrimJS/quickjs
  - PrimJS/quickjs_heapprofiler (2.14.0-rc.1):
    - PrimJS/quickjs_debugger
  - PrimJS/quickjs_profiler (2.14.0-rc.1):
    - PrimJS/quickjs_debugger
  - SDWebImage (5.15.5):
    - SDWebImage/Core (= 5.15.5)
  - SDWebImage/Core (5.15.5)
  - SDWebImageWebPCoder (0.11.0):
    - libwebp (~> 1.0)
    - SDWebImage/Core (~> 5.15)
  - SocketRocket (0.6.0)
  - XElement (3.4.1-dev):
    - XElement/Behavior (= 3.4.1-dev)
    - XElement/Input (= 3.4.1-dev)
  - XElement/Behavior (3.4.1-dev):
    - Lynx (= 3.4.1-dev)
    - XElement/Input
  - XElement/Input (3.4.1-dev):
    - Lynx (= 3.4.1-dev)

DEPENDENCIES:
  - DebugRouter (= 5.0.13)
  - Lynx/Framework (= 3.4.1-dev)
  - LynxDevtool/Framework (= 3.4.1-dev)
  - LynxDevtool/LynxRecorder (= 3.4.1-dev)
  - LynxService/Devtool (= 3.4.1-dev)
  - LynxService/Http (= 3.4.1-dev)
  - LynxService/Image (= 3.4.1-dev)
  - LynxService/Log (= 3.4.1-dev)
  - PrimJS/napi (= 2.14.0-rc.1)
  - PrimJS/quickjs (= 2.14.0-rc.1)
  - SDWebImage (= 5.15.5)
  - SDWebImageWebPCoder (= 0.11.0)
  - XElement (= 3.4.1-dev)

SPEC REPOS:
  trunk:
    - BaseDevtool
    - DebugRouter
    - libwebp
    - Lynx
    - LynxDevtool
    - LynxService
    - PrimJS
    - SDWebImage
    - SDWebImageWebPCoder
    - SocketRocket
    - XElement

SPEC CHECKSUMS:
  BaseDevtool: b12ec65464bf33ec98f3621af55c0fda1bf08055
  DebugRouter: 886acbbb1ef587265ba3d51ee77e323514b0c063
  libwebp: 02b23773aedb6ff1fd38cec7a77b81414c6842a8
  Lynx: 48bc11066eb3762bbfff69bd60607c95facf18c1
  LynxDevtool: c2b9eb1858be818fd5b74955cd88375ac82a3689
  LynxService: e0eead667db26490b74f52ad3d97663b4b079007
  PrimJS: 0254a97a9fddf92d492a69dc8e98e62480bf79ff
  SDWebImage: fd7e1a22f00303e058058278639bf6196ee431fe
  SDWebImageWebPCoder: 295a6573c512f54ad2dd58098e64e17dcf008499
  SocketRocket: fccef3f9c5cedea1353a9ef6ada904fde10d6608
  XElement: 42a3518089f0453176324b79873acf22a48b910b

PODFILE CHECKSUM: e65fc4c16a040c80e7e5ad0675b09ef3915f611a

COCOAPODS: 1.16.2
