{
  "name": "core",
  "version": "1.0.0",
  "lockfileVersion": 3,
  "requires": true,
  "packages": {
    "": {
      "name": "core",
      "version": "1.0.0",
      "workspaces": [
        "gun"
      ],
      "dependencies": {
        "@lynx-js/react": "^0.105.0",
        "buffer": "^6.0.3",
        "clsx": "^2.1.1",
        "react-router": "6",
        "ws": "^7.2.1"
      },
      "devDependencies": {
        "@lynx-js/qrcode-rsbuild-plugin": "^0.3.3",
        "@lynx-js/react-rsbuild-plugin": "^0.9.0",
        "@lynx-js/rspeedy": "^0.8.2",
        "@lynx-js/types": "^3.2.0",
        "@rsbuild/plugin-sass": "^1.1.2",
        "@types/node": "^22.14.0",
        "@types/react": "^18.3.18",
        "aws-sdk": "^2.528.0",
        "emailjs": "^2.2.0",
        "ip": "^1.1.5",
        "mocha": "^6.2.0",
        "prettier": "^3.5.2",
        "typescript": "~5.7.3",
        "uglify-js": "^3.6.0"
      },
      "engines": {
        "node": ">=18"
      }
    },
    "../../node_modules/.pnpm/@lynx-js+qrcode-rsbuild-plugin@0.3.3/node_modules/@lynx-js/qrcode-rsbuild-plugin": {
      "version": "0.3.3",
      "dev": true,
      "license": "Apache-2.0",
      "dependencies": {
        "@clack/prompts": "^0.10.0",
        "picocolors": "^1.1.1",
        "qrcode-terminal": "^0.12.0"
      },
      "devDependencies": {
        "@lynx-js/rspeedy": "0.8.2",
        "@microsoft/api-extractor": "7.51.0",
        "@rsbuild/core": "1.2.11",
        "@types/qrcode-terminal": "^0.12.2"
      },
      "engines": {
        "node": ">=18"
      }
    },
    "../../node_modules/.pnpm/@lynx-js+react-rsbuild-plugin@0.9.0_@lynx-js+react@0.105.0_@lynx-js+types@3.2.1_@types+_c9697de093bb976ebcca4e78423c842e/node_modules/@lynx-js/react-rsbuild-plugin": {
      "version": "0.9.0",
      "dev": true,
      "license": "Apache-2.0",
      "dependencies": {
        "@lynx-js/css-extract-webpack-plugin": "0.5.0",
        "@lynx-js/react-alias-rsbuild-plugin": "0.9.0",
        "@lynx-js/react-refresh-webpack-plugin": "0.3.1",
        "@lynx-js/react-webpack-plugin": "0.6.6",
        "@lynx-js/runtime-wrapper-webpack-plugin": "0.0.7",
        "@lynx-js/template-webpack-plugin": "0.6.3",
        "@lynx-js/web-webpack-plugin": "0.6.1"
      },
      "devDependencies": {
        "@lynx-js/react": "0.105.0",
        "@lynx-js/rspeedy": "0.8.2",
        "@lynx-js/vitest-setup": "0.0.0",
        "@microsoft/api-extractor": "7.51.0",
        "@rollup/plugin-typescript": "^12.1.2",
        "@rsbuild/core": "1.2.11",
        "@rsbuild/plugin-sass": "1.2.2",
        "@rsbuild/plugin-typed-css-modules": "1.0.2",
        "@rsbuild/plugin-webpack-swc": "1.0.10",
        "@rsbuild/webpack": "1.2.3",
        "tailwindcss": "^3.4.17",
        "type-fest": "^4.35.0",
        "typia": "7.6.4",
        "typia-rspack-plugin": "^1.0.1"
      },
      "engines": {
        "node": ">=18"
      },
      "peerDependencies": {
        "@lynx-js/react": "^0.103.0 || ^0.104.0 || ^0.105.0"
      },
      "peerDependenciesMeta": {
        "@lynx-js/react": {
          "optional": true
        }
      }
    },
    "../../node_modules/.pnpm/@lynx-js+react@0.105.0_@lynx-js+types@3.2.1_@types+react@18.3.20/node_modules/@lynx-js/react": {
      "version": "0.105.0",
      "dependencies": {
        "preact": "npm:@hongzhiyuan/preact@10.24.0-319c684e"
      },
      "devDependencies": {
        "@lynx-js/types": "^3.2.0",
        "@microsoft/api-extractor": "7.51.0",
        "@types/react": "^18.3.18"
      },
      "peerDependencies": {
        "@lynx-js/types": "*",
        "@types/react": "^18"
      },
      "peerDependenciesMeta": {
        "@lynx-js/types": {
          "optional": true
        }
      }
    },
    "../../node_modules/.pnpm/@lynx-js+rspeedy@0.8.2_@rspack+core@1.2.8_@swc+helpers@0.5.15__@samchon+openapi@2.5.3_@_b843f269769e3cdfe0f846a6f45eb70e/node_modules/@lynx-js/rspeedy": {
      "version": "0.8.2",
      "dev": true,
      "license": "Apache-2.0",
      "dependencies": {
        "@lynx-js/chunk-loading-webpack-plugin": "^0.1.6",
        "@lynx-js/webpack-dev-transport": "^0.1.0",
        "@lynx-js/websocket": "^0.0.3",
        "@microsoft/api-extractor": "7.51.0",
        "@rsbuild/core": "1.2.11",
        "@rsbuild/plugin-css-minimizer": "1.0.2",
        "@rsdoctor/rspack-plugin": "^0.4.13",
        "chokidar": "^4.0.3",
        "commander": "^13.1.0",
        "default-gateway": "^7.2.2",
        "exit-hook": "^4.0.0",
        "ipaddr.js": "^2.2.0",
        "javascript-stringify": "^2.1.0",
        "picocolors": "^1.1.1",
        "tiny-invariant": "^1.3.3",
        "ts-blank-space": "^0.6.0",
        "typia": "7.6.4"
      },
      "bin": {
        "rspeedy": "bin/rspeedy.js"
      },
      "devDependencies": {
        "@lynx-js/vitest-setup": "0.0.0",
        "@rollup/plugin-typescript": "^12.1.2",
        "@rsbuild/webpack": "1.2.3",
        "@types/default-gateway": "^7.2.2",
        "eventemitter3": "^5.0.1",
        "type-fest": "^4.35.0",
        "vitest": "^3.0.7",
        "webpack": "^5.98.0"
      },
      "engines": {
        "node": ">=18"
      }
    },
    "../../node_modules/.pnpm/@lynx-js+types@3.2.1/node_modules/@lynx-js/types": {
      "version": "3.2.1",
      "dev": true,
      "license": "Apache-2.0",
      "dependencies": {
        "csstype": "3.1.3"
      },
      "devDependencies": {
        "tsd": "0.30.4"
      }
    },
    "../../node_modules/.pnpm/@rsbuild+plugin-sass@1.3.1_@rsbuild+core@1.2.11/node_modules/@rsbuild/plugin-sass": {
      "version": "1.3.1",
      "dev": true,
      "license": "MIT",
      "dependencies": {
        "deepmerge": "^4.3.1",
        "loader-utils": "^2.0.4",
        "postcss": "^8.5.3",
        "reduce-configs": "^1.1.0",
        "sass-embedded": "^1.86.0"
      },
      "devDependencies": {
        "@rsbuild/core": "1.3.0",
        "@rslib/core": "0.6.0",
        "@scripts/test-helper": "1.0.1",
        "@types/node": "^22.13.11",
        "@types/sass-loader": "^8.0.9",
        "prebundle": "1.2.7",
        "resolve-url-loader": "^5.0.0",
        "sass-loader": "^16.0.5",
        "typescript": "^5.8.2"
      },
      "peerDependencies": {
        "@rsbuild/core": "1.x"
      }
    },
    "../../node_modules/.pnpm/@types+node@22.14.0/node_modules/@types/node": {
      "version": "22.14.0",
      "dev": true,
      "license": "MIT",
      "dependencies": {
        "undici-types": "~6.21.0"
      }
    },
    "../../node_modules/.pnpm/@types+react@18.3.20/node_modules/@types/react": {
      "version": "18.3.20",
      "dev": true,
      "license": "MIT",
      "dependencies": {
        "@types/prop-types": "*",
        "csstype": "^3.0.2"
      }
    },
    "../../node_modules/.pnpm/aws-sdk@2.1692.0/node_modules/aws-sdk": {
      "version": "2.1692.0",
      "dev": true,
      "hasInstallScript": true,
      "license": "Apache-2.0",
      "dependencies": {
        "buffer": "4.9.2",
        "events": "1.1.1",
        "ieee754": "1.1.13",
        "jmespath": "0.16.0",
        "querystring": "0.2.0",
        "sax": "1.2.1",
        "url": "0.10.3",
        "util": "^0.12.4",
        "uuid": "8.0.0",
        "xml2js": "0.6.2"
      },
      "devDependencies": {
        "@types/node": "6.0.92",
        "browserify": "13.1.0",
        "chai": "^3.0",
        "codecov": "^3.8.2",
        "coffeeify": "*",
        "coffeescript": "^1.12.7",
        "cucumber": "0.5.x",
        "eslint": "^5.8.0",
        "hash-test-vectors": "^1.3.2",
        "insert-module-globals": "^7.0.0",
        "istanbul": "*",
        "jasmine": "^2.5.3",
        "jasmine-core": "^2.5.2",
        "json-loader": "^0.5.4",
        "karma": "^4.1.0",
        "karma-chrome-launcher": "2.2.0",
        "karma-jasmine": "^1.1.0",
        "mocha": "^3.0.0",
        "repl.history": "*",
        "semver": "*",
        "typescript": "2.0.8",
        "uglify-js": "2.x",
        "webpack": "^1.15.0"
      },
      "engines": {
        "node": ">= 10.0.0"
      }
    },
    "../../node_modules/.pnpm/buffer@6.0.3/node_modules/buffer": {
      "version": "6.0.3",
      "funding": [
        {
          "type": "github",
          "url": "https://github.com/sponsors/feross"
        },
        {
          "type": "patreon",
          "url": "https://www.patreon.com/feross"
        },
        {
          "type": "consulting",
          "url": "https://feross.org/support"
        }
      ],
      "license": "MIT",
      "dependencies": {
        "base64-js": "^1.3.1",
        "ieee754": "^1.2.1"
      },
      "devDependencies": {
        "airtap": "^3.0.0",
        "benchmark": "^2.1.4",
        "browserify": "^17.0.0",
        "concat-stream": "^2.0.0",
        "hyperquest": "^2.1.3",
        "is-buffer": "^2.0.5",
        "is-nan": "^1.3.0",
        "split": "^1.0.1",
        "standard": "*",
        "tape": "^5.0.1",
        "through2": "^4.0.2",
        "uglify-js": "^3.11.5"
      }
    },
    "../../node_modules/.pnpm/emailjs@2.2.0/node_modules/emailjs": {
      "version": "2.2.0",
      "dev": true,
      "license": "MIT",
      "dependencies": {
        "addressparser": "^0.3.2",
        "emailjs-mime-codec": "^2.0.7"
      },
      "devDependencies": {
        "chai": "^4.1.2",
        "eslint": "^4.19.1",
        "eslint-config-prettier": "^2.9.0",
        "eslint-plugin-mocha": "^5.0.0",
        "eslint-plugin-prettier": "^2.6.0",
        "mailparser": "^2.2.0",
        "mocha": "^5.2.0",
        "prettier": "^1.13.5",
        "smtp-server": "^3.4.6"
      }
    },
    "../../node_modules/.pnpm/ip@1.1.9/node_modules/ip": {
      "version": "1.1.9",
      "dev": true,
      "license": "MIT",
      "devDependencies": {
        "eslint": "^8.15.0",
        "mocha": "^10.0.0"
      }
    },
    "../../node_modules/.pnpm/mocha@6.2.3/node_modules/mocha": {
      "version": "6.2.3",
      "dev": true,
      "license": "MIT",
      "dependencies": {
        "ansi-colors": "3.2.3",
        "browser-stdout": "1.3.1",
        "debug": "3.2.6",
        "diff": "3.5.0",
        "escape-string-regexp": "1.0.5",
        "find-up": "3.0.0",
        "glob": "7.1.3",
        "growl": "1.10.5",
        "he": "1.2.0",
        "js-yaml": "3.13.1",
        "log-symbols": "2.2.0",
        "minimatch": "3.0.4",
        "mkdirp": "0.5.4",
        "ms": "2.1.1",
        "node-environment-flags": "1.0.5",
        "object.assign": "4.1.0",
        "strip-json-comments": "2.0.1",
        "supports-color": "6.0.0",
        "which": "1.3.1",
        "wide-align": "1.1.3",
        "yargs": "13.3.2",
        "yargs-parser": "13.1.2",
        "yargs-unparser": "1.6.0"
      },
      "bin": {
        "_mocha": "bin/_mocha",
        "mocha": "bin/mocha"
      },
      "devDependencies": {
        "@11ty/eleventy": "^0.8.3",
        "@mocha/contributors": "^1.0.4",
        "@mocha/docdash": "^2.1.2",
        "acorn": "^7.0.0",
        "assetgraph-builder": "^6.10.1",
        "autoprefixer": "^9.6.0",
        "browserify": "^16.2.3",
        "browserify-package-json": "^1.0.1",
        "chai": "^4.2.0",
        "coffee-script": "^1.12.7",
        "coveralls": "^3.0.3",
        "cross-env": "^5.2.0",
        "cross-spawn": "^6.0.5",
        "eslint": "^5.16.0",
        "eslint-config-prettier": "^3.6.0",
        "eslint-config-semistandard": "^13.0.0",
        "eslint-config-standard": "^12.0.0",
        "eslint-plugin-import": "^2.17.3",
        "eslint-plugin-node": "^8.0.1",
        "eslint-plugin-prettier": "^3.1.0",
        "eslint-plugin-promise": "^4.1.1",
        "eslint-plugin-standard": "^4.0.0",
        "fs-extra": "^8.0.1",
        "husky": "^1.3.1",
        "hyperlink": "^4.3.1",
        "jsdoc": "^3.6.3",
        "karma": "^4.1.0",
        "karma-browserify": "^6.0.0",
        "karma-chrome-launcher": "^2.2.0",
        "karma-mocha": "^1.3.0",
        "karma-mocha-reporter": "^2.2.5",
        "karma-sauce-launcher": "^2.0.2",
        "lint-staged": "^8.1.7",
        "markdown-it": "^8.4.2",
        "markdown-it-anchor": "^5.2.4",
        "markdown-it-attrs": "^2.4.1",
        "markdown-it-prism": "^2.0.2",
        "markdown-magic": "^0.1.25",
        "markdown-magic-package-json": "^2.0.0",
        "markdown-toc": "^1.2.0",
        "markdownlint-cli": "^0.14.1",
        "nps": "^5.9.5",
        "nyc": "^14.1.1",
        "prettier": "^1.17.1",
        "remark": "^10.0.1",
        "remark-github": "^7.0.6",
        "remark-inline-links": "^3.1.2",
        "rewiremock": "^3.13.7",
        "rimraf": "^2.6.3",
        "sinon": "^7.3.2",
        "strip-ansi": "^5.2.0",
        "svgo": "^1.2.2",
        "through2": "^3.0.1",
        "to-vfile": "^5.0.3",
        "unexpected": "^10.40.2",
        "unexpected-eventemitter": "^1.1.3",
        "unexpected-sinon": "^10.11.2",
        "uslug": "^1.0.4",
        "watchify": "^3.11.1"
      },
      "engines": {
        "node": ">= 6.0.0"
      }
    },
    "../../node_modules/.pnpm/prettier@3.5.3/node_modules/prettier": {
      "version": "3.5.3",
      "dev": true,
      "license": "MIT",
      "bin": {
        "prettier": "bin/prettier.cjs"
      },
      "engines": {
        "node": ">=14"
      },
      "funding": {
        "url": "https://github.com/prettier/prettier?sponsor=1"
      }
    },
    "../../node_modules/.pnpm/react-router@6.30.0_react@19.1.0/node_modules/react-router": {
      "version": "6.30.0",
      "license": "MIT",
      "dependencies": {
        "@remix-run/router": "1.23.0"
      },
      "devDependencies": {
        "react": "^18.2.0",
        "react-router-dom": "6.30.0"
      },
      "engines": {
        "node": ">=14.0.0"
      },
      "peerDependencies": {
        "react": ">=16.8"
      }
    },
    "../../node_modules/.pnpm/typescript@5.7.3/node_modules/typescript": {
      "version": "5.7.3",
      "dev": true,
      "license": "Apache-2.0",
      "bin": {
        "tsc": "bin/tsc",
        "tsserver": "bin/tsserver"
      },
      "devDependencies": {
        "@dprint/formatter": "^0.4.1",
        "@dprint/typescript": "0.93.0",
        "@esfx/canceltoken": "^1.0.0",
        "@eslint/js": "^9.11.1",
        "@octokit/rest": "^21.0.2",
        "@types/chai": "^4.3.20",
        "@types/diff": "^5.2.2",
        "@types/minimist": "^1.2.5",
        "@types/mocha": "^10.0.8",
        "@types/ms": "^0.7.34",
        "@types/node": "latest",
        "@types/source-map-support": "^0.5.10",
        "@types/which": "^3.0.4",
        "@typescript-eslint/rule-tester": "^8.8.0",
        "@typescript-eslint/type-utils": "^8.8.0",
        "@typescript-eslint/utils": "^8.8.0",
        "azure-devops-node-api": "^14.1.0",
        "c8": "^10.1.2",
        "chai": "^4.5.0",
        "chalk": "^4.1.2",
        "chokidar": "^3.6.0",
        "diff": "^5.2.0",
        "dprint": "^0.47.2",
        "esbuild": "^0.24.0",
        "eslint": "^9.11.1",
        "eslint-formatter-autolinkable-stylish": "^1.4.0",
        "eslint-plugin-regexp": "^2.6.0",
        "fast-xml-parser": "^4.5.0",
        "glob": "^10.4.5",
        "globals": "^15.9.0",
        "hereby": "^1.10.0",
        "jsonc-parser": "^3.3.1",
        "knip": "^5.30.6",
        "minimist": "^1.2.8",
        "mocha": "^10.7.3",
        "mocha-fivemat-progress-reporter": "^0.1.0",
        "monocart-coverage-reports": "^2.11.0",
        "ms": "^2.1.3",
        "playwright": "^1.47.2",
        "source-map-support": "^0.5.21",
        "tslib": "^2.7.0",
        "typescript": "^5.6.2",
        "typescript-eslint": "^8.8.0",
        "which": "^3.0.1"
      },
      "engines": {
        "node": ">=14.17"
      }
    },
    "../../node_modules/.pnpm/uglify-js@3.19.3/node_modules/uglify-js": {
      "version": "3.19.3",
      "dev": true,
      "license": "BSD-2-Clause",
      "bin": {
        "uglifyjs": "bin/uglifyjs"
      },
      "devDependencies": {
        "acorn": "~8.7.1",
        "semver": "~6.3.0"
      },
      "engines": {
        "node": ">=0.8.0"
      }
    },
    "../../node_modules/.pnpm/ws@7.5.10/node_modules/ws": {
      "version": "7.5.10",
      "license": "MIT",
      "devDependencies": {
        "benchmark": "^2.1.4",
        "bufferutil": "^4.0.1",
        "eslint": "^7.2.0",
        "eslint-config-prettier": "^8.1.0",
        "eslint-plugin-prettier": "^4.0.0",
        "mocha": "^7.0.0",
        "nyc": "^15.0.0",
        "prettier": "^2.0.5",
        "utf-8-validate": "^5.0.2"
      },
      "engines": {
        "node": ">=8.3.0"
      },
      "peerDependencies": {
        "bufferutil": "^4.0.1",
        "utf-8-validate": "^5.0.2"
      },
      "peerDependenciesMeta": {
        "bufferutil": {
          "optional": true
        },
        "utf-8-validate": {
          "optional": true
        }
      }
    },
    "gun": {
      "version": "0.2020.1239",
      "license": "(Zlib OR MIT OR Apache-2.0)",
      "dependencies": {
        "ws": "^7.2.1"
      },
      "devDependencies": {
        "aws-sdk": "^2.528.0",
        "emailjs": "^2.2.0",
        "ip": "^1.1.5",
        "mocha": "^6.2.0",
        "uglify-js": "^3.6.0"
      },
      "engines": {
        "node": ">=0.8.4"
      },
      "optionalDependencies": {
        "@peculiar/webcrypto": "^1.1.1"
      }
    },
    "node_modules/@lynx-js/qrcode-rsbuild-plugin": {
      "resolved": "../../node_modules/.pnpm/@lynx-js+qrcode-rsbuild-plugin@0.3.3/node_modules/@lynx-js/qrcode-rsbuild-plugin",
      "link": true
    },
    "node_modules/@lynx-js/react": {
      "resolved": "../../node_modules/.pnpm/@lynx-js+react@0.105.0_@lynx-js+types@3.2.1_@types+react@18.3.20/node_modules/@lynx-js/react",
      "link": true
    },
    "node_modules/@lynx-js/react-rsbuild-plugin": {
      "resolved": "../../node_modules/.pnpm/@lynx-js+react-rsbuild-plugin@0.9.0_@lynx-js+react@0.105.0_@lynx-js+types@3.2.1_@types+_c9697de093bb976ebcca4e78423c842e/node_modules/@lynx-js/react-rsbuild-plugin",
      "link": true
    },
    "node_modules/@lynx-js/rspeedy": {
      "resolved": "../../node_modules/.pnpm/@lynx-js+rspeedy@0.8.2_@rspack+core@1.2.8_@swc+helpers@0.5.15__@samchon+openapi@2.5.3_@_b843f269769e3cdfe0f846a6f45eb70e/node_modules/@lynx-js/rspeedy",
      "link": true
    },
    "node_modules/@lynx-js/types": {
      "resolved": "../../node_modules/.pnpm/@lynx-js+types@3.2.1/node_modules/@lynx-js/types",
      "link": true
    },
    "node_modules/@peculiar/asn1-schema": {
      "version": "2.3.15",
      "resolved": "https://registry.npmjs.org/@peculiar/asn1-schema/-/asn1-schema-2.3.15.tgz",
      "integrity": "sha512-QPeD8UA8axQREpgR5UTAfu2mqQmm97oUqahDtNdBcfj3qAnoXzFdQW+aNf/tD2WVXF8Fhmftxoj0eMIT++gX2w==",
      "license": "MIT",
      "optional": true,
      "dependencies": {
        "asn1js": "^3.0.5",
        "pvtsutils": "^1.3.6",
        "tslib": "^2.8.1"
      }
    },
    "node_modules/@peculiar/json-schema": {
      "version": "1.1.12",
      "resolved": "https://registry.npmjs.org/@peculiar/json-schema/-/json-schema-1.1.12.tgz",
      "integrity": "sha512-coUfuoMeIB7B8/NMekxaDzLhaYmp0HZNPEjYRm9goRou8UZIC3z21s0sL9AWoCw4EG876QyO3kYrc61WNF9B/w==",
      "license": "MIT",
      "optional": true,
      "dependencies": {
        "tslib": "^2.0.0"
      },
      "engines": {
        "node": ">=8.0.0"
      }
    },
    "node_modules/@peculiar/webcrypto": {
      "version": "1.5.0",
      "resolved": "https://registry.npmjs.org/@peculiar/webcrypto/-/webcrypto-1.5.0.tgz",
      "integrity": "sha512-BRs5XUAwiyCDQMsVA9IDvDa7UBR9gAvPHgugOeGng3YN6vJ9JYonyDc0lNczErgtCWtucjR5N7VtaonboD/ezg==",
      "license": "MIT",
      "optional": true,
      "dependencies": {
        "@peculiar/asn1-schema": "^2.3.8",
        "@peculiar/json-schema": "^1.1.12",
        "pvtsutils": "^1.3.5",
        "tslib": "^2.6.2",
        "webcrypto-core": "^1.8.0"
      },
      "engines": {
        "node": ">=10.12.0"
      }
    },
    "node_modules/@rsbuild/plugin-sass": {
      "resolved": "../../node_modules/.pnpm/@rsbuild+plugin-sass@1.3.1_@rsbuild+core@1.2.11/node_modules/@rsbuild/plugin-sass",
      "link": true
    },
    "node_modules/@types/node": {
      "resolved": "../../node_modules/.pnpm/@types+node@22.14.0/node_modules/@types/node",
      "link": true
    },
    "node_modules/@types/react": {
      "resolved": "../../node_modules/.pnpm/@types+react@18.3.20/node_modules/@types/react",
      "link": true
    },
    "node_modules/asn1js": {
      "version": "3.0.6",
      "resolved": "https://registry.npmjs.org/asn1js/-/asn1js-3.0.6.tgz",
      "integrity": "sha512-UOCGPYbl0tv8+006qks/dTgV9ajs97X2p0FAbyS2iyCRrmLSRolDaHdp+v/CLgnzHc3fVB+CwYiUmei7ndFcgA==",
      "license": "BSD-3-Clause",
      "optional": true,
      "dependencies": {
        "pvtsutils": "^1.3.6",
        "pvutils": "^1.1.3",
        "tslib": "^2.8.1"
      },
      "engines": {
        "node": ">=12.0.0"
      }
    },
    "node_modules/aws-sdk": {
      "resolved": "../../node_modules/.pnpm/aws-sdk@2.1692.0/node_modules/aws-sdk",
      "link": true
    },
    "node_modules/buffer": {
      "resolved": "../../node_modules/.pnpm/buffer@6.0.3/node_modules/buffer",
      "link": true
    },
    "node_modules/clsx": {
      "version": "2.1.1",
      "resolved": "https://registry.npmjs.org/clsx/-/clsx-2.1.1.tgz",
      "integrity": "sha512-eYm0QWBtUrBWZWG0d386OGAw16Z995PiOVo2B7bjWSbHedGl5e0ZWaq65kOGgUSNesEIDkB9ISbTg/JK9dhCZA==",
      "license": "MIT",
      "engines": {
        "node": ">=6"
      }
    },
    "node_modules/emailjs": {
      "resolved": "../../node_modules/.pnpm/emailjs@2.2.0/node_modules/emailjs",
      "link": true
    },
    "node_modules/gun": {
      "resolved": "gun",
      "link": true
    },
    "node_modules/ip": {
      "resolved": "../../node_modules/.pnpm/ip@1.1.9/node_modules/ip",
      "link": true
    },
    "node_modules/mocha": {
      "resolved": "../../node_modules/.pnpm/mocha@6.2.3/node_modules/mocha",
      "link": true
    },
    "node_modules/prettier": {
      "resolved": "../../node_modules/.pnpm/prettier@3.5.3/node_modules/prettier",
      "link": true
    },
    "node_modules/pvtsutils": {
      "version": "1.3.6",
      "resolved": "https://registry.npmjs.org/pvtsutils/-/pvtsutils-1.3.6.tgz",
      "integrity": "sha512-PLgQXQ6H2FWCaeRak8vvk1GW462lMxB5s3Jm673N82zI4vqtVUPuZdffdZbPDFRoU8kAhItWFtPCWiPpp4/EDg==",
      "license": "MIT",
      "optional": true,
      "dependencies": {
        "tslib": "^2.8.1"
      }
    },
    "node_modules/pvutils": {
      "version": "1.1.3",
      "resolved": "https://registry.npmjs.org/pvutils/-/pvutils-1.1.3.tgz",
      "integrity": "sha512-pMpnA0qRdFp32b1sJl1wOJNxZLQ2cbQx+k6tjNtZ8CpvVhNqEPRgivZ2WOUev2YMajecdH7ctUPDvEe87nariQ==",
      "license": "MIT",
      "optional": true,
      "engines": {
        "node": ">=6.0.0"
      }
    },
    "node_modules/react-router": {
      "resolved": "../../node_modules/.pnpm/react-router@6.30.0_react@19.1.0/node_modules/react-router",
      "link": true
    },
    "node_modules/tslib": {
      "version": "2.8.1",
      "resolved": "https://registry.npmjs.org/tslib/-/tslib-2.8.1.tgz",
      "integrity": "sha512-oJFu94HQb+KVduSUQL7wnpmqnfmLsOA/nAh6b6EH0wCEoK0/mPeXU6c3wKDV83MkOuHPRHtSXKKU99IBazS/2w==",
      "license": "0BSD",
      "optional": true
    },
    "node_modules/typescript": {
      "resolved": "../../node_modules/.pnpm/typescript@5.7.3/node_modules/typescript",
      "link": true
    },
    "node_modules/uglify-js": {
      "resolved": "../../node_modules/.pnpm/uglify-js@3.19.3/node_modules/uglify-js",
      "link": true
    },
    "node_modules/webcrypto-core": {
      "version": "1.8.1",
      "resolved": "https://registry.npmjs.org/webcrypto-core/-/webcrypto-core-1.8.1.tgz",
      "integrity": "sha512-P+x1MvlNCXlKbLSOY4cYrdreqPG5hbzkmawbcXLKN/mf6DZW0SdNNkZ+sjwsqVkI4A4Ko2sPZmkZtCKY58w83A==",
      "license": "MIT",
      "optional": true,
      "dependencies": {
        "@peculiar/asn1-schema": "^2.3.13",
        "@peculiar/json-schema": "^1.1.12",
        "asn1js": "^3.0.5",
        "pvtsutils": "^1.3.5",
        "tslib": "^2.7.0"
      }
    },
    "node_modules/ws": {
      "resolved": "../../node_modules/.pnpm/ws@7.5.10/node_modules/ws",
      "link": true
    }
  }
}
