PODS:
  - libwebp (1.5.0):
    - libwebp/demux (= 1.5.0)
    - libwebp/mux (= 1.5.0)
    - libwebp/sharpyuv (= 1.5.0)
    - libwebp/webp (= 1.5.0)
  - libwebp/demux (1.5.0):
    - libwebp/webp
  - libwebp/mux (1.5.0):
    - libwebp/demux
  - libwebp/sharpyuv (1.5.0)
  - libwebp/webp (1.5.0):
    - libwebp/sharpyuv
  - Lynx (3.2.0-rc.0):
    - Lynx/Framework (= 3.2.0-rc.0)
  - Lynx/Framework (3.2.0-rc.0):
    - Lynx/ReleaseResource
    - PrimJS/napi/env
    - PrimJS/napi/jsc
    - PrimJS/napi/quickjs
    - PrimJS/quickjs
  - Lynx/ReleaseResource (3.2.0-rc.0)
  - LynxService/Http (3.2.0-rc.0):
    - Lynx (= 3.2.0-rc.0)
  - LynxService/Image (3.2.0-rc.0):
    - Lynx (= 3.2.0-rc.0)
    - SDWebImage (= 5.15.5)
    - SDWebImageWebPCoder (= 0.11.0)
  - LynxService/Log (3.2.0-rc.0):
    - Lynx (= 3.2.0-rc.0)
  - PrimJS/log (2.11.1-rc.0)
  - PrimJS/napi (2.11.1-rc.0):
    - PrimJS/napi/core (= 2.11.1-rc.0)
    - PrimJS/napi/env (= 2.11.1-rc.0)
    - PrimJS/napi/jsc (= 2.11.1-rc.0)
    - PrimJS/napi/quickjs (= 2.11.1-rc.0)
  - PrimJS/napi/core (2.11.1-rc.0)
  - PrimJS/napi/env (2.11.1-rc.0):
    - PrimJS/napi/core
  - PrimJS/napi/jsc (2.11.1-rc.0):
    - PrimJS/log
    - PrimJS/napi/core
    - PrimJS/quickjs
  - PrimJS/napi/quickjs (2.11.1-rc.0):
    - PrimJS/napi/core
    - PrimJS/quickjs
  - PrimJS/quickjs (2.11.1-rc.0):
    - PrimJS/log
  - SDWebImage (5.15.5):
    - SDWebImage/Core (= 5.15.5)
  - SDWebImage/Core (5.15.5)
  - SDWebImageWebPCoder (0.11.0):
    - libwebp (~> 1.0)
    - SDWebImage/Core (~> 5.15)

DEPENDENCIES:
  - Lynx/Framework (= 3.2.0-rc.0)
  - LynxService/Http (= 3.2.0-rc.0)
  - LynxService/Image (= 3.2.0-rc.0)
  - LynxService/Log (= 3.2.0-rc.0)
  - PrimJS/napi (= 2.11.1-rc.0)
  - PrimJS/quickjs (= 2.11.1-rc.0)
  - SDWebImage (= 5.15.5)
  - SDWebImageWebPCoder (= 0.11.0)

SPEC REPOS:
  trunk:
    - libwebp
    - Lynx
    - LynxService
    - PrimJS
    - SDWebImage
    - SDWebImageWebPCoder

SPEC CHECKSUMS:
  libwebp: 02b23773aedb6ff1fd38cec7a77b81414c6842a8
  Lynx: c968a6a6f30244301d9a335546357f6a6645274e
  LynxService: bd9ed17b74ea8244e45bf124dc8500c68329a68e
  PrimJS: 3714a8c5d6425616f131145f1107fe1d1d452e32
  SDWebImage: fd7e1a22f00303e058058278639bf6196ee431fe
  SDWebImageWebPCoder: 295a6573c512f54ad2dd58098e64e17dcf008499

PODFILE CHECKSUM: f7ed7b3254df00857f374021325b2bc0fa2c5ceb

COCOAPODS: 1.16.2
