// !$*UTF8*$!
{
	archiveVersion = 1;
	classes = {
	};
	objectVersion = 77;
	objects = {

/* Begin PBXBuildFile section */
		10388F542E827FD8000C60D5 /* MLX in Frameworks */ = {isa = PBXBuildFile; productRef = 10388F532E827FD8000C60D5 /* MLX */; };
		10388F562E827FD8000C60D5 /* MLXFFT in Frameworks */ = {isa = PBXBuildFile; productRef = 10388F552E827FD8000C60D5 /* MLXFFT */; };
		10388F582E827FD8000C60D5 /* MLXFast in Frameworks */ = {isa = PBXBuildFile; productRef = 10388F572E827FD8000C60D5 /* MLXFast */; };
		10388F5A2E827FD8000C60D5 /* MLXLinalg in Frameworks */ = {isa = PBXBuildFile; productRef = 10388F592E827FD8000C60D5 /* MLXLinalg */; };
		10388F5C2E827FD8000C60D5 /* MLXNN in Frameworks */ = {isa = PBXBuildFile; productRef = 10388F5B2E827FD8000C60D5 /* MLXNN */; };
		10388F5E2E827FD8000C60D5 /* MLXOptimizers in Frameworks */ = {isa = PBXBuildFile; productRef = 10388F5D2E827FD8000C60D5 /* MLXOptimizers */; };
		10388F602E827FD8000C60D5 /* MLXRandom in Frameworks */ = {isa = PBXBuildFile; productRef = 10388F5F2E827FD8000C60D5 /* MLXRandom */; };
		10388F632E827FEF000C60D5 /* Transformers in Frameworks */ = {isa = PBXBuildFile; productRef = 10388F622E827FEF000C60D5 /* Transformers */; };
		106113F42E8F9BFF00F6DBCC /* Resource in Resources */ = {isa = PBXBuildFile; fileRef = 106113F32E8F9BFF00F6DBCC /* Resource */; };
		10ADBC752E89DA4D00F4CDCD /* MLXEmbedders in Frameworks */ = {isa = PBXBuildFile; productRef = 10ADBC742E89DA4D00F4CDCD /* MLXEmbedders */; };
		10ADBC772E89DA4D00F4CDCD /* MLXLLM in Frameworks */ = {isa = PBXBuildFile; productRef = 10ADBC762E89DA4D00F4CDCD /* MLXLLM */; };
		10ADBC792E89DA4D00F4CDCD /* MLXLMCommon in Frameworks */ = {isa = PBXBuildFile; productRef = 10ADBC782E89DA4D00F4CDCD /* MLXLMCommon */; };
		10ADBC7B2E89DA4D00F4CDCD /* MLXMNIST in Frameworks */ = {isa = PBXBuildFile; productRef = 10ADBC7A2E89DA4D00F4CDCD /* MLXMNIST */; };
		10ADBC7D2E89DA4D00F4CDCD /* MLXVLM in Frameworks */ = {isa = PBXBuildFile; productRef = 10ADBC7C2E89DA4D00F4CDCD /* MLXVLM */; };
		10ADC1592E8E519800F4CDCD /* MLXEmbedders in Frameworks */ = {isa = PBXBuildFile; productRef = 10ADC1582E8E519800F4CDCD /* MLXEmbedders */; };
		10ADC15B2E8E519800F4CDCD /* MLXLLM in Frameworks */ = {isa = PBXBuildFile; productRef = 10ADC15A2E8E519800F4CDCD /* MLXLLM */; };
		10ADC15D2E8E519800F4CDCD /* MLXLMCommon in Frameworks */ = {isa = PBXBuildFile; productRef = 10ADC15C2E8E519800F4CDCD /* MLXLMCommon */; };
		10ADC15F2E8E519800F4CDCD /* MLXMNIST in Frameworks */ = {isa = PBXBuildFile; productRef = 10ADC15E2E8E519800F4CDCD /* MLXMNIST */; };
		10ADC1612E8E519800F4CDCD /* MLXVLM in Frameworks */ = {isa = PBXBuildFile; productRef = 10ADC1602E8E519800F4CDCD /* MLXVLM */; };
		10ADC1632E8E519800F4CDCD /* StableDiffusion in Frameworks */ = {isa = PBXBuildFile; productRef = 10ADC1622E8E519800F4CDCD /* StableDiffusion */; };
		10ADC1822E8E5FB000F4CDCD /* OrderedCollections in Frameworks */ = {isa = PBXBuildFile; productRef = 10ADC1812E8E5FB000F4CDCD /* OrderedCollections */; };
		10ADC1992E8E61DC00F4CDCD /* ComplexModule in Frameworks */ = {isa = PBXBuildFile; productRef = 10ADC1982E8E61DC00F4CDCD /* ComplexModule */; };
		10ADC19B2E8E61DC00F4CDCD /* Numerics in Frameworks */ = {isa = PBXBuildFile; productRef = 10ADC19A2E8E61DC00F4CDCD /* Numerics */; };
		10ADC19D2E8E61DC00F4CDCD /* RealModule in Frameworks */ = {isa = PBXBuildFile; productRef = 10ADC19C2E8E61DC00F4CDCD /* RealModule */; };
		10ADC1A52E8E631100F4CDCD /* ComplexModule in Frameworks */ = {isa = PBXBuildFile; productRef = 10ADC1A42E8E631100F4CDCD /* ComplexModule */; };
		10ADC1A72E8E631100F4CDCD /* Numerics in Frameworks */ = {isa = PBXBuildFile; productRef = 10ADC1A62E8E631100F4CDCD /* Numerics */; };
		10ADC1A92E8E631100F4CDCD /* RealModule in Frameworks */ = {isa = PBXBuildFile; productRef = 10ADC1A82E8E631100F4CDCD /* RealModule */; };
		10ADC1AB2E8E633100F4CDCD /* BasicContainers in Frameworks */ = {isa = PBXBuildFile; productRef = 10ADC1AA2E8E633100F4CDCD /* BasicContainers */; };
		10ADC1AD2E8E633100F4CDCD /* BitCollections in Frameworks */ = {isa = PBXBuildFile; productRef = 10ADC1AC2E8E633100F4CDCD /* BitCollections */; };
		10ADC1AF2E8E633100F4CDCD /* Collections in Frameworks */ = {isa = PBXBuildFile; productRef = 10ADC1AE2E8E633100F4CDCD /* Collections */; };
		10ADC1B12E8E633100F4CDCD /* ContainersPreview in Frameworks */ = {isa = PBXBuildFile; productRef = 10ADC1B02E8E633100F4CDCD /* ContainersPreview */; };
		10ADC1B32E8E633100F4CDCD /* DequeModule in Frameworks */ = {isa = PBXBuildFile; productRef = 10ADC1B22E8E633100F4CDCD /* DequeModule */; };
		10ADC1B52E8E633100F4CDCD /* HashTreeCollections in Frameworks */ = {isa = PBXBuildFile; productRef = 10ADC1B42E8E633100F4CDCD /* HashTreeCollections */; };
		10ADC1B72E8E633100F4CDCD /* HeapModule in Frameworks */ = {isa = PBXBuildFile; productRef = 10ADC1B62E8E633100F4CDCD /* HeapModule */; };
		10ADC1B92E8E633100F4CDCD /* OrderedCollections in Frameworks */ = {isa = PBXBuildFile; productRef = 10ADC1B82E8E633100F4CDCD /* OrderedCollections */; };
		10ADC1BB2E8E633100F4CDCD /* TrailingElementsModule in Frameworks */ = {isa = PBXBuildFile; productRef = 10ADC1BA2E8E633100F4CDCD /* TrailingElementsModule */; };
		10ADC1BD2E8E633100F4CDCD /* _RopeModule in Frameworks */ = {isa = PBXBuildFile; productRef = 10ADC1BC2E8E633100F4CDCD /* _RopeModule */; };
		148B7F5FFC7AC915D5361BDE /* libPods-Ariob.a in Frameworks */ = {isa = PBXBuildFile; fileRef = 867A598EBB7C462EE96A4A74 /* libPods-Ariob.a */; };
/* End PBXBuildFile section */

/* Begin PBXContainerItemProxy section */
		10305DC92D87ED230021DD5A /* PBXContainerItemProxy */ = {
			isa = PBXContainerItemProxy;
			containerPortal = 10305DA52D87ED200021DD5A /* Project object */;
			proxyType = 1;
			remoteGlobalIDString = 10305DAC2D87ED200021DD5A;
			remoteInfo = Ariob;
		};
		10305DD32D87ED230021DD5A /* PBXContainerItemProxy */ = {
			isa = PBXContainerItemProxy;
			containerPortal = 10305DA52D87ED200021DD5A /* Project object */;
			proxyType = 1;
			remoteGlobalIDString = 10305DAC2D87ED200021DD5A;
			remoteInfo = Ariob;
		};
/* End PBXContainerItemProxy section */

/* Begin PBXFileReference section */
		10305DAD2D87ED200021DD5A /* Ariob.app */ = {isa = PBXFileReference; explicitFileType = wrapper.application; includeInIndex = 0; path = Ariob.app; sourceTree = BUILT_PRODUCTS_DIR; };
		10305DC82D87ED230021DD5A /* AriobTests.xctest */ = {isa = PBXFileReference; explicitFileType = wrapper.cfbundle; includeInIndex = 0; path = AriobTests.xctest; sourceTree = BUILT_PRODUCTS_DIR; };
		10305DD22D87ED230021DD5A /* AriobUITests.xctest */ = {isa = PBXFileReference; explicitFileType = wrapper.cfbundle; includeInIndex = 0; path = AriobUITests.xctest; sourceTree = BUILT_PRODUCTS_DIR; };
		106113F32E8F9BFF00F6DBCC /* Resource */ = {isa = PBXFileReference; lastKnownFileType = folder; name = Resource; path = Ariob/Resource; sourceTree = "<group>"; };
		5ED6BC6FC911B74322F37C01 /* Pods-Ariob.debug.xcconfig */ = {isa = PBXFileReference; includeInIndex = 1; lastKnownFileType = text.xcconfig; name = "Pods-Ariob.debug.xcconfig"; path = "Target Support Files/Pods-Ariob/Pods-Ariob.debug.xcconfig"; sourceTree = "<group>"; };
		6FFF62F7494665901159AECA /* Pods-Ariob.release.xcconfig */ = {isa = PBXFileReference; includeInIndex = 1; lastKnownFileType = text.xcconfig; name = "Pods-Ariob.release.xcconfig"; path = "Target Support Files/Pods-Ariob/Pods-Ariob.release.xcconfig"; sourceTree = "<group>"; };
		867A598EBB7C462EE96A4A74 /* libPods-Ariob.a */ = {isa = PBXFileReference; explicitFileType = archive.ar; includeInIndex = 0; path = "libPods-Ariob.a"; sourceTree = BUILT_PRODUCTS_DIR; };
/* End PBXFileReference section */

/* Begin PBXFileSystemSynchronizedBuildFileExceptionSet section */
		106113F02E8E705D00F6DBCC /* Exceptions for "Ariob" folder in "Ariob" target */ = {
			isa = PBXFileSystemSynchronizedBuildFileExceptionSet;
			membershipExceptions = (
				Info.plist,
			);
			target = 10305DAC2D87ED200021DD5A /* Ariob */;
		};
/* End PBXFileSystemSynchronizedBuildFileExceptionSet section */

/* Begin PBXFileSystemSynchronizedRootGroup section */
		10305DAF2D87ED200021DD5A /* Ariob */ = {
			isa = PBXFileSystemSynchronizedRootGroup;
			exceptions = (
				106113F02E8E705D00F6DBCC /* Exceptions for "Ariob" folder in "Ariob" target */,
			);
			path = Ariob;
			sourceTree = "<group>";
		};
		10305DCB2D87ED230021DD5A /* AriobTests */ = {
			isa = PBXFileSystemSynchronizedRootGroup;
			path = AriobTests;
			sourceTree = "<group>";
		};
		10305DD52D87ED230021DD5A /* AriobUITests */ = {
			isa = PBXFileSystemSynchronizedRootGroup;
			path = AriobUITests;
			sourceTree = "<group>";
		};
/* End PBXFileSystemSynchronizedRootGroup section */

/* Begin PBXFrameworksBuildPhase section */
		10305DAA2D87ED200021DD5A /* Frameworks */ = {
			isa = PBXFrameworksBuildPhase;
			buildActionMask = 2147483647;
			files = (
				10ADC15F2E8E519800F4CDCD /* MLXMNIST in Frameworks */,
				10ADC1B12E8E633100F4CDCD /* ContainersPreview in Frameworks */,
				10388F5C2E827FD8000C60D5 /* MLXNN in Frameworks */,
				10388F5A2E827FD8000C60D5 /* MLXLinalg in Frameworks */,
				10388F542E827FD8000C60D5 /* MLX in Frameworks */,
				10ADC1B92E8E633100F4CDCD /* OrderedCollections in Frameworks */,
				10ADC1B32E8E633100F4CDCD /* DequeModule in Frameworks */,
				10ADC1BB2E8E633100F4CDCD /* TrailingElementsModule in Frameworks */,
				10ADC1BD2E8E633100F4CDCD /* _RopeModule in Frameworks */,
				10ADC19B2E8E61DC00F4CDCD /* Numerics in Frameworks */,
				10388F602E827FD8000C60D5 /* MLXRandom in Frameworks */,
				10ADC1822E8E5FB000F4CDCD /* OrderedCollections in Frameworks */,
				10ADC15D2E8E519800F4CDCD /* MLXLMCommon in Frameworks */,
				10ADC1A72E8E631100F4CDCD /* Numerics in Frameworks */,
				10ADBC7B2E89DA4D00F4CDCD /* MLXMNIST in Frameworks */,
				10ADC1612E8E519800F4CDCD /* MLXVLM in Frameworks */,
				10ADBC752E89DA4D00F4CDCD /* MLXEmbedders in Frameworks */,
				10ADC1AF2E8E633100F4CDCD /* Collections in Frameworks */,
				10ADC1B52E8E633100F4CDCD /* HashTreeCollections in Frameworks */,
				10ADC1632E8E519800F4CDCD /* StableDiffusion in Frameworks */,
				10ADC1992E8E61DC00F4CDCD /* ComplexModule in Frameworks */,
				10388F5E2E827FD8000C60D5 /* MLXOptimizers in Frameworks */,
				10388F632E827FEF000C60D5 /* Transformers in Frameworks */,
				10ADC1B72E8E633100F4CDCD /* HeapModule in Frameworks */,
				10388F582E827FD8000C60D5 /* MLXFast in Frameworks */,
				10ADC1A92E8E631100F4CDCD /* RealModule in Frameworks */,
				10388F562E827FD8000C60D5 /* MLXFFT in Frameworks */,
				10ADC1AB2E8E633100F4CDCD /* BasicContainers in Frameworks */,
				10ADBC7D2E89DA4D00F4CDCD /* MLXVLM in Frameworks */,
				10ADBC772E89DA4D00F4CDCD /* MLXLLM in Frameworks */,
				10ADC1AD2E8E633100F4CDCD /* BitCollections in Frameworks */,
				10ADC15B2E8E519800F4CDCD /* MLXLLM in Frameworks */,
				10ADC1A52E8E631100F4CDCD /* ComplexModule in Frameworks */,
				10ADC19D2E8E61DC00F4CDCD /* RealModule in Frameworks */,
				10ADBC792E89DA4D00F4CDCD /* MLXLMCommon in Frameworks */,
				148B7F5FFC7AC915D5361BDE /* libPods-Ariob.a in Frameworks */,
				10ADC1592E8E519800F4CDCD /* MLXEmbedders in Frameworks */,
			);
			runOnlyForDeploymentPostprocessing = 0;
		};
		10305DC52D87ED230021DD5A /* Frameworks */ = {
			isa = PBXFrameworksBuildPhase;
			buildActionMask = 2147483647;
			files = (
			);
			runOnlyForDeploymentPostprocessing = 0;
		};
		10305DCF2D87ED230021DD5A /* Frameworks */ = {
			isa = PBXFrameworksBuildPhase;
			buildActionMask = 2147483647;
			files = (
			);
			runOnlyForDeploymentPostprocessing = 0;
		};
/* End PBXFrameworksBuildPhase section */

/* Begin PBXGroup section */
		10305DA42D87ED200021DD5A = {
			isa = PBXGroup;
			children = (
				106113F32E8F9BFF00F6DBCC /* Resource */,
				10305DAF2D87ED200021DD5A /* Ariob */,
				10305DCB2D87ED230021DD5A /* AriobTests */,
				10305DD52D87ED230021DD5A /* AriobUITests */,
				10305DAE2D87ED200021DD5A /* Products */,
				C7E080B3BE97D78CFB6029F7 /* Pods */,
				48FF5FE51EE715B11C62B935 /* Frameworks */,
			);
			sourceTree = "<group>";
		};
		10305DAE2D87ED200021DD5A /* Products */ = {
			isa = PBXGroup;
			children = (
				10305DAD2D87ED200021DD5A /* Ariob.app */,
				10305DC82D87ED230021DD5A /* AriobTests.xctest */,
				10305DD22D87ED230021DD5A /* AriobUITests.xctest */,
			);
			name = Products;
			sourceTree = "<group>";
		};
		48FF5FE51EE715B11C62B935 /* Frameworks */ = {
			isa = PBXGroup;
			children = (
				867A598EBB7C462EE96A4A74 /* libPods-Ariob.a */,
			);
			name = Frameworks;
			sourceTree = "<group>";
		};
		C7E080B3BE97D78CFB6029F7 /* Pods */ = {
			isa = PBXGroup;
			children = (
				5ED6BC6FC911B74322F37C01 /* Pods-Ariob.debug.xcconfig */,
				6FFF62F7494665901159AECA /* Pods-Ariob.release.xcconfig */,
			);
			path = Pods;
			sourceTree = "<group>";
		};
/* End PBXGroup section */

/* Begin PBXNativeTarget section */
		10305DAC2D87ED200021DD5A /* Ariob */ = {
			isa = PBXNativeTarget;
			buildConfigurationList = 10305DDB2D87ED230021DD5A /* Build configuration list for PBXNativeTarget "Ariob" */;
			buildPhases = (
				1E76367A75206712AAE397C3 /* [CP] Check Pods Manifest.lock */,
				10305DA92D87ED200021DD5A /* Sources */,
				10305DAA2D87ED200021DD5A /* Frameworks */,
				10305DAB2D87ED200021DD5A /* Resources */,
				59BAD85D67A71E6AFCD87F19 /* [CP] Copy Pods Resources */,
			);
			buildRules = (
			);
			dependencies = (
				10ADC19F2E8E629700F4CDCD /* PBXTargetDependency */,
				10ADC1A12E8E629700F4CDCD /* PBXTargetDependency */,
				10ADC1A32E8E629700F4CDCD /* PBXTargetDependency */,
				10ADC1842E8E613D00F4CDCD /* PBXTargetDependency */,
				10ADC1862E8E613D00F4CDCD /* PBXTargetDependency */,
				10ADC1882E8E613D00F4CDCD /* PBXTargetDependency */,
				10ADC18A2E8E613D00F4CDCD /* PBXTargetDependency */,
				10ADC18C2E8E613D00F4CDCD /* PBXTargetDependency */,
				10ADC18E2E8E613D00F4CDCD /* PBXTargetDependency */,
				10ADC1902E8E613D00F4CDCD /* PBXTargetDependency */,
				10ADC1922E8E613D00F4CDCD /* PBXTargetDependency */,
				10ADC1942E8E613D00F4CDCD /* PBXTargetDependency */,
				10ADC1962E8E613D00F4CDCD /* PBXTargetDependency */,
				10ADC1652E8E51C800F4CDCD /* PBXTargetDependency */,
				10ADC1672E8E51C800F4CDCD /* PBXTargetDependency */,
				10ADC1692E8E51C800F4CDCD /* PBXTargetDependency */,
				10ADC16B2E8E51C800F4CDCD /* PBXTargetDependency */,
				10ADC16D2E8E51C800F4CDCD /* PBXTargetDependency */,
				10ADC16F2E8E51C800F4CDCD /* PBXTargetDependency */,
				10ADC1712E8E51C800F4CDCD /* PBXTargetDependency */,
				10ADC1732E8E51C800F4CDCD /* PBXTargetDependency */,
				10ADC1752E8E51C800F4CDCD /* PBXTargetDependency */,
				10ADC1772E8E51C800F4CDCD /* PBXTargetDependency */,
				10ADC1792E8E51C800F4CDCD /* PBXTargetDependency */,
				10ADC17B2E8E51C800F4CDCD /* PBXTargetDependency */,
				10ADC17D2E8E51C800F4CDCD /* PBXTargetDependency */,
				10ADC17F2E8E51C800F4CDCD /* PBXTargetDependency */,
			);
			fileSystemSynchronizedGroups = (
				10305DAF2D87ED200021DD5A /* Ariob */,
			);
			name = Ariob;
			productName = Ariob;
			productReference = 10305DAD2D87ED200021DD5A /* Ariob.app */;
			productType = "com.apple.product-type.application";
		};
		10305DC72D87ED230021DD5A /* AriobTests */ = {
			isa = PBXNativeTarget;
			buildConfigurationList = 10305DE02D87ED230021DD5A /* Build configuration list for PBXNativeTarget "AriobTests" */;
			buildPhases = (
				10305DC42D87ED230021DD5A /* Sources */,
				10305DC52D87ED230021DD5A /* Frameworks */,
				10305DC62D87ED230021DD5A /* Resources */,
			);
			buildRules = (
			);
			dependencies = (
				10305DCA2D87ED230021DD5A /* PBXTargetDependency */,
			);
			fileSystemSynchronizedGroups = (
				10305DCB2D87ED230021DD5A /* AriobTests */,
			);
			name = AriobTests;
			productName = AriobTests;
			productReference = 10305DC82D87ED230021DD5A /* AriobTests.xctest */;
			productType = "com.apple.product-type.bundle.unit-test";
		};
		10305DD12D87ED230021DD5A /* AriobUITests */ = {
			isa = PBXNativeTarget;
			buildConfigurationList = 10305DE32D87ED230021DD5A /* Build configuration list for PBXNativeTarget "AriobUITests" */;
			buildPhases = (
				10305DCE2D87ED230021DD5A /* Sources */,
				10305DCF2D87ED230021DD5A /* Frameworks */,
				10305DD02D87ED230021DD5A /* Resources */,
			);
			buildRules = (
			);
			dependencies = (
				10305DD42D87ED230021DD5A /* PBXTargetDependency */,
			);
			fileSystemSynchronizedGroups = (
				10305DD52D87ED230021DD5A /* AriobUITests */,
			);
			name = AriobUITests;
			productName = AriobUITests;
			productReference = 10305DD22D87ED230021DD5A /* AriobUITests.xctest */;
			productType = "com.apple.product-type.bundle.ui-testing";
		};
/* End PBXNativeTarget section */

/* Begin PBXProject section */
		10305DA52D87ED200021DD5A /* Project object */ = {
			isa = PBXProject;
			attributes = {
				BuildIndependentTargetsInParallel = YES;
				LastUpgradeCheck = 2600;
				TargetAttributes = {
					10305DAC2D87ED200021DD5A = {
						CreatedOnToolsVersion = 16.2;
						LastSwiftMigration = 1620;
					};
					10305DC72D87ED230021DD5A = {
						CreatedOnToolsVersion = 16.2;
						TestTargetID = 10305DAC2D87ED200021DD5A;
					};
					10305DD12D87ED230021DD5A = {
						CreatedOnToolsVersion = 16.2;
						TestTargetID = 10305DAC2D87ED200021DD5A;
					};
				};
			};
			buildConfigurationList = 10305DA82D87ED200021DD5A /* Build configuration list for PBXProject "Ariob" */;
			developmentRegion = en;
			hasScannedForEncodings = 0;
			knownRegions = (
				en,
				Base,
			);
			mainGroup = 10305DA42D87ED200021DD5A;
			minimizedProjectReferenceProxies = 1;
			packageReferences = (
				10388F522E827FD8000C60D5 /* XCRemoteSwiftPackageReference "mlx-swift" */,
				10388F612E827FEF000C60D5 /* XCRemoteSwiftPackageReference "swift-transformers" */,
				10ADBC732E89DA4D00F4CDCD /* XCRemoteSwiftPackageReference "mlx-swift-examples" */,
				10ADC1802E8E5FB000F4CDCD /* XCRemoteSwiftPackageReference "swift-collections" */,
				10ADC1972E8E61DC00F4CDCD /* XCRemoteSwiftPackageReference "swift-numerics" */,
			);
			preferredProjectObjectVersion = 77;
			productRefGroup = 10305DAE2D87ED200021DD5A /* Products */;
			projectDirPath = "";
			projectRoot = "";
			targets = (
				10305DAC2D87ED200021DD5A /* Ariob */,
				10305DC72D87ED230021DD5A /* AriobTests */,
				10305DD12D87ED230021DD5A /* AriobUITests */,
			);
		};
/* End PBXProject section */

/* Begin PBXResourcesBuildPhase section */
		10305DAB2D87ED200021DD5A /* Resources */ = {
			isa = PBXResourcesBuildPhase;
			buildActionMask = 2147483647;
			files = (
				106113F42E8F9BFF00F6DBCC /* Resource in Resources */,
			);
			runOnlyForDeploymentPostprocessing = 0;
		};
		10305DC62D87ED230021DD5A /* Resources */ = {
			isa = PBXResourcesBuildPhase;
			buildActionMask = 2147483647;
			files = (
			);
			runOnlyForDeploymentPostprocessing = 0;
		};
		10305DD02D87ED230021DD5A /* Resources */ = {
			isa = PBXResourcesBuildPhase;
			buildActionMask = 2147483647;
			files = (
			);
			runOnlyForDeploymentPostprocessing = 0;
		};
/* End PBXResourcesBuildPhase section */

/* Begin PBXShellScriptBuildPhase section */
		1E76367A75206712AAE397C3 /* [CP] Check Pods Manifest.lock */ = {
			isa = PBXShellScriptBuildPhase;
			buildActionMask = 2147483647;
			files = (
			);
			inputFileListPaths = (
			);
			inputPaths = (
				"${PODS_PODFILE_DIR_PATH}/Podfile.lock",
				"${PODS_ROOT}/Manifest.lock",
			);
			name = "[CP] Check Pods Manifest.lock";
			outputFileListPaths = (
			);
			outputPaths = (
				"$(DERIVED_FILE_DIR)/Pods-Ariob-checkManifestLockResult.txt",
			);
			runOnlyForDeploymentPostprocessing = 0;
			shellPath = /bin/sh;
			shellScript = "diff \"${PODS_PODFILE_DIR_PATH}/Podfile.lock\" \"${PODS_ROOT}/Manifest.lock\" > /dev/null\nif [ $? != 0 ] ; then\n    # print error to STDERR\n    echo \"error: The sandbox is not in sync with the Podfile.lock. Run 'pod install' or update your CocoaPods installation.\" >&2\n    exit 1\nfi\n# This output is used by Xcode 'outputs' to avoid re-running this script phase.\necho \"SUCCESS\" > \"${SCRIPT_OUTPUT_FILE_0}\"\n";
			showEnvVarsInLog = 0;
		};
		59BAD85D67A71E6AFCD87F19 /* [CP] Copy Pods Resources */ = {
			isa = PBXShellScriptBuildPhase;
			buildActionMask = 2147483647;
			files = (
			);
			inputFileListPaths = (
				"${PODS_ROOT}/Target Support Files/Pods-Ariob/Pods-Ariob-resources-${CONFIGURATION}-input-files.xcfilelist",
			);
			inputPaths = (
			);
			name = "[CP] Copy Pods Resources";
			outputFileListPaths = (
				"${PODS_ROOT}/Target Support Files/Pods-Ariob/Pods-Ariob-resources-${CONFIGURATION}-output-files.xcfilelist",
			);
			outputPaths = (
			);
			runOnlyForDeploymentPostprocessing = 0;
			shellPath = /bin/sh;
			shellScript = "\"${PODS_ROOT}/Target Support Files/Pods-Ariob/Pods-Ariob-resources.sh\"\n";
			showEnvVarsInLog = 0;
		};
/* End PBXShellScriptBuildPhase section */

/* Begin PBXSourcesBuildPhase section */
		10305DA92D87ED200021DD5A /* Sources */ = {
			isa = PBXSourcesBuildPhase;
			buildActionMask = 2147483647;
			files = (
			);
			runOnlyForDeploymentPostprocessing = 0;
		};
		10305DC42D87ED230021DD5A /* Sources */ = {
			isa = PBXSourcesBuildPhase;
			buildActionMask = 2147483647;
			files = (
			);
			runOnlyForDeploymentPostprocessing = 0;
		};
		10305DCE2D87ED230021DD5A /* Sources */ = {
			isa = PBXSourcesBuildPhase;
			buildActionMask = 2147483647;
			files = (
			);
			runOnlyForDeploymentPostprocessing = 0;
		};
/* End PBXSourcesBuildPhase section */

/* Begin PBXTargetDependency section */
		10305DCA2D87ED230021DD5A /* PBXTargetDependency */ = {
			isa = PBXTargetDependency;
			target = 10305DAC2D87ED200021DD5A /* Ariob */;
			targetProxy = 10305DC92D87ED230021DD5A /* PBXContainerItemProxy */;
		};
		10305DD42D87ED230021DD5A /* PBXTargetDependency */ = {
			isa = PBXTargetDependency;
			target = 10305DAC2D87ED200021DD5A /* Ariob */;
			targetProxy = 10305DD32D87ED230021DD5A /* PBXContainerItemProxy */;
		};
		10ADC1652E8E51C800F4CDCD /* PBXTargetDependency */ = {
			isa = PBXTargetDependency;
			productRef = 10ADC1642E8E51C800F4CDCD /* MLX */;
		};
		10ADC1672E8E51C800F4CDCD /* PBXTargetDependency */ = {
			isa = PBXTargetDependency;
			productRef = 10ADC1662E8E51C800F4CDCD /* MLXFFT */;
		};
		10ADC1692E8E51C800F4CDCD /* PBXTargetDependency */ = {
			isa = PBXTargetDependency;
			productRef = 10ADC1682E8E51C800F4CDCD /* MLXFast */;
		};
		10ADC16B2E8E51C800F4CDCD /* PBXTargetDependency */ = {
			isa = PBXTargetDependency;
			productRef = 10ADC16A2E8E51C800F4CDCD /* MLXLinalg */;
		};
		10ADC16D2E8E51C800F4CDCD /* PBXTargetDependency */ = {
			isa = PBXTargetDependency;
			productRef = 10ADC16C2E8E51C800F4CDCD /* MLXNN */;
		};
		10ADC16F2E8E51C800F4CDCD /* PBXTargetDependency */ = {
			isa = PBXTargetDependency;
			productRef = 10ADC16E2E8E51C800F4CDCD /* MLXOptimizers */;
		};
		10ADC1712E8E51C800F4CDCD /* PBXTargetDependency */ = {
			isa = PBXTargetDependency;
			productRef = 10ADC1702E8E51C800F4CDCD /* MLXRandom */;
		};
		10ADC1732E8E51C800F4CDCD /* PBXTargetDependency */ = {
			isa = PBXTargetDependency;
			productRef = 10ADC1722E8E51C800F4CDCD /* Transformers */;
		};
		10ADC1752E8E51C800F4CDCD /* PBXTargetDependency */ = {
			isa = PBXTargetDependency;
			productRef = 10ADC1742E8E51C800F4CDCD /* MLXEmbedders */;
		};
		10ADC1772E8E51C800F4CDCD /* PBXTargetDependency */ = {
			isa = PBXTargetDependency;
			productRef = 10ADC1762E8E51C800F4CDCD /* MLXLLM */;
		};
		10ADC1792E8E51C800F4CDCD /* PBXTargetDependency */ = {
			isa = PBXTargetDependency;
			productRef = 10ADC1782E8E51C800F4CDCD /* MLXLMCommon */;
		};
		10ADC17B2E8E51C800F4CDCD /* PBXTargetDependency */ = {
			isa = PBXTargetDependency;
			productRef = 10ADC17A2E8E51C800F4CDCD /* MLXMNIST */;
		};
		10ADC17D2E8E51C800F4CDCD /* PBXTargetDependency */ = {
			isa = PBXTargetDependency;
			productRef = 10ADC17C2E8E51C800F4CDCD /* MLXVLM */;
		};
		10ADC17F2E8E51C800F4CDCD /* PBXTargetDependency */ = {
			isa = PBXTargetDependency;
			productRef = 10ADC17E2E8E51C800F4CDCD /* StableDiffusion */;
		};
		10ADC1842E8E613D00F4CDCD /* PBXTargetDependency */ = {
			isa = PBXTargetDependency;
			productRef = 10ADC1832E8E613D00F4CDCD /* BasicContainers */;
		};
		10ADC1862E8E613D00F4CDCD /* PBXTargetDependency */ = {
			isa = PBXTargetDependency;
			productRef = 10ADC1852E8E613D00F4CDCD /* BitCollections */;
		};
		10ADC1882E8E613D00F4CDCD /* PBXTargetDependency */ = {
			isa = PBXTargetDependency;
			productRef = 10ADC1872E8E613D00F4CDCD /* Collections */;
		};
		10ADC18A2E8E613D00F4CDCD /* PBXTargetDependency */ = {
			isa = PBXTargetDependency;
			productRef = 10ADC1892E8E613D00F4CDCD /* ContainersPreview */;
		};
		10ADC18C2E8E613D00F4CDCD /* PBXTargetDependency */ = {
			isa = PBXTargetDependency;
			productRef = 10ADC18B2E8E613D00F4CDCD /* DequeModule */;
		};
		10ADC18E2E8E613D00F4CDCD /* PBXTargetDependency */ = {
			isa = PBXTargetDependency;
			productRef = 10ADC18D2E8E613D00F4CDCD /* HashTreeCollections */;
		};
		10ADC1902E8E613D00F4CDCD /* PBXTargetDependency */ = {
			isa = PBXTargetDependency;
			productRef = 10ADC18F2E8E613D00F4CDCD /* HeapModule */;
		};
		10ADC1922E8E613D00F4CDCD /* PBXTargetDependency */ = {
			isa = PBXTargetDependency;
			productRef = 10ADC1912E8E613D00F4CDCD /* OrderedCollections */;
		};
		10ADC1942E8E613D00F4CDCD /* PBXTargetDependency */ = {
			isa = PBXTargetDependency;
			productRef = 10ADC1932E8E613D00F4CDCD /* TrailingElementsModule */;
		};
		10ADC1962E8E613D00F4CDCD /* PBXTargetDependency */ = {
			isa = PBXTargetDependency;
			productRef = 10ADC1952E8E613D00F4CDCD /* _RopeModule */;
		};
		10ADC19F2E8E629700F4CDCD /* PBXTargetDependency */ = {
			isa = PBXTargetDependency;
			productRef = 10ADC19E2E8E629700F4CDCD /* ComplexModule */;
		};
		10ADC1A12E8E629700F4CDCD /* PBXTargetDependency */ = {
			isa = PBXTargetDependency;
			productRef = 10ADC1A02E8E629700F4CDCD /* Numerics */;
		};
		10ADC1A32E8E629700F4CDCD /* PBXTargetDependency */ = {
			isa = PBXTargetDependency;
			productRef = 10ADC1A22E8E629700F4CDCD /* RealModule */;
		};
/* End PBXTargetDependency section */

/* Begin XCBuildConfiguration section */
		10305DDC2D87ED230021DD5A /* Debug */ = {
			isa = XCBuildConfiguration;
			baseConfigurationReference = 5ED6BC6FC911B74322F37C01 /* Pods-Ariob.debug.xcconfig */;
			buildSettings = {
				ASSETCATALOG_COMPILER_APPICON_NAME = AppIcon;
				ASSETCATALOG_COMPILER_GLOBAL_ACCENT_COLOR_NAME = AccentColor;
				CLANG_ENABLE_MODULES = YES;
				"CODE_SIGN_ENTITLEMENTS[sdk=*]" = "";
				CODE_SIGN_IDENTITY = "Apple Development";
				CODE_SIGN_STYLE = Automatic;
				CURRENT_PROJECT_VERSION = 1;
				DEFINES_MODULE = YES;
				DEVELOPMENT_TEAM = G5Q4DZX2NT;
				ENABLE_MODULE_VERIFIER = YES;
				GENERATE_INFOPLIST_FILE = YES;
				INFOPLIST_FILE = Ariob/Info.plist;
				INFOPLIST_KEY_UIApplicationSupportsIndirectInputEvents = YES;
				INFOPLIST_KEY_UILaunchStoryboardName = LaunchScreen;
				INFOPLIST_KEY_UIMainStoryboardFile = Main;
				INFOPLIST_KEY_UISupportedInterfaceOrientations_iPad = "UIInterfaceOrientationPortrait UIInterfaceOrientationPortraitUpsideDown UIInterfaceOrientationLandscapeLeft UIInterfaceOrientationLandscapeRight";
				INFOPLIST_KEY_UISupportedInterfaceOrientations_iPhone = "UIInterfaceOrientationPortrait UIInterfaceOrientationLandscapeLeft UIInterfaceOrientationLandscapeRight";
				IPHONEOS_DEPLOYMENT_TARGET = 16.0;
				LD_RUNPATH_SEARCH_PATHS = (
					"$(inherited)",
					"@executable_path/Frameworks",
				);
				MARKETING_VERSION = 1.0;
				MODULE_VERIFIER_SUPPORTED_LANGUAGE_STANDARDS = "gnu17 gnu++20";
				PRODUCT_BUNDLE_IDENTIFIER = ariobstudio.Ariob;
				PRODUCT_NAME = "$(TARGET_NAME)";
				PROVISIONING_PROFILE_SPECIFIER = "";
				SWIFT_EMIT_LOC_STRINGS = YES;
				SWIFT_OBJC_BRIDGING_HEADER = "Ariob/modules/Ariob-Bridging-Header.h";
				SWIFT_OPTIMIZATION_LEVEL = "-Onone";
				SWIFT_VERSION = 6.0;
				TARGETED_DEVICE_FAMILY = "1,2";
			};
			name = Debug;
		};
		10305DDD2D87ED230021DD5A /* Release */ = {
			isa = XCBuildConfiguration;
			baseConfigurationReference = 6FFF62F7494665901159AECA /* Pods-Ariob.release.xcconfig */;
			buildSettings = {
				ASSETCATALOG_COMPILER_APPICON_NAME = AppIcon;
				ASSETCATALOG_COMPILER_GLOBAL_ACCENT_COLOR_NAME = AccentColor;
				CLANG_ENABLE_MODULES = YES;
				CODE_SIGN_IDENTITY = "Apple Development";
				CODE_SIGN_STYLE = Automatic;
				CURRENT_PROJECT_VERSION = 1;
				DEFINES_MODULE = YES;
				ENABLE_MODULE_VERIFIER = YES;
				GENERATE_INFOPLIST_FILE = YES;
				INFOPLIST_FILE = Ariob/Info.plist;
				INFOPLIST_KEY_UIApplicationSupportsIndirectInputEvents = YES;
				INFOPLIST_KEY_UILaunchStoryboardName = LaunchScreen;
				INFOPLIST_KEY_UIMainStoryboardFile = Main;
				INFOPLIST_KEY_UISupportedInterfaceOrientations_iPad = "UIInterfaceOrientationPortrait UIInterfaceOrientationPortraitUpsideDown UIInterfaceOrientationLandscapeLeft UIInterfaceOrientationLandscapeRight";
				INFOPLIST_KEY_UISupportedInterfaceOrientations_iPhone = "UIInterfaceOrientationPortrait UIInterfaceOrientationLandscapeLeft UIInterfaceOrientationLandscapeRight";
				IPHONEOS_DEPLOYMENT_TARGET = 16.0;
				LD_RUNPATH_SEARCH_PATHS = (
					"$(inherited)",
					"@executable_path/Frameworks",
				);
				MARKETING_VERSION = 1.0;
				MODULE_VERIFIER_SUPPORTED_LANGUAGE_STANDARDS = "gnu17 gnu++20";
				PRODUCT_BUNDLE_IDENTIFIER = ariobstudio.Ariob;
				PRODUCT_NAME = "$(TARGET_NAME)";
				PROVISIONING_PROFILE_SPECIFIER = "";
				SWIFT_EMIT_LOC_STRINGS = YES;
				SWIFT_OBJC_BRIDGING_HEADER = "Ariob/modules/Ariob-Bridging-Header.h";
				SWIFT_VERSION = 6.0;
				TARGETED_DEVICE_FAMILY = "1,2";
			};
			name = Release;
		};
		10305DDE2D87ED230021DD5A /* Debug */ = {
			isa = XCBuildConfiguration;
			buildSettings = {
				ALWAYS_SEARCH_USER_PATHS = NO;
				ASSETCATALOG_COMPILER_GENERATE_SWIFT_ASSET_SYMBOL_EXTENSIONS = YES;
				CLANG_ANALYZER_NONNULL = YES;
				CLANG_ANALYZER_NUMBER_OBJECT_CONVERSION = YES_AGGRESSIVE;
				CLANG_CXX_LANGUAGE_STANDARD = "gnu++20";
				CLANG_ENABLE_MODULES = YES;
				CLANG_ENABLE_OBJC_ARC = YES;
				CLANG_ENABLE_OBJC_WEAK = YES;
				CLANG_WARN_BLOCK_CAPTURE_AUTORELEASING = YES;
				CLANG_WARN_BOOL_CONVERSION = YES;
				CLANG_WARN_COMMA = YES;
				CLANG_WARN_CONSTANT_CONVERSION = YES;
				CLANG_WARN_DEPRECATED_OBJC_IMPLEMENTATIONS = YES;
				CLANG_WARN_DIRECT_OBJC_ISA_USAGE = YES_ERROR;
				CLANG_WARN_DOCUMENTATION_COMMENTS = YES;
				CLANG_WARN_EMPTY_BODY = YES;
				CLANG_WARN_ENUM_CONVERSION = YES;
				CLANG_WARN_INFINITE_RECURSION = YES;
				CLANG_WARN_INT_CONVERSION = YES;
				CLANG_WARN_NON_LITERAL_NULL_CONVERSION = YES;
				CLANG_WARN_OBJC_IMPLICIT_RETAIN_SELF = YES;
				CLANG_WARN_OBJC_LITERAL_CONVERSION = YES;
				CLANG_WARN_OBJC_ROOT_CLASS = YES_ERROR;
				CLANG_WARN_QUOTED_INCLUDE_IN_FRAMEWORK_HEADER = YES;
				CLANG_WARN_RANGE_LOOP_ANALYSIS = YES;
				CLANG_WARN_STRICT_PROTOTYPES = YES;
				CLANG_WARN_SUSPICIOUS_MOVE = YES;
				CLANG_WARN_UNGUARDED_AVAILABILITY = YES_AGGRESSIVE;
				CLANG_WARN_UNREACHABLE_CODE = YES;
				CLANG_WARN__DUPLICATE_METHOD_MATCH = YES;
				COPY_PHASE_STRIP = NO;
				DEBUG_INFORMATION_FORMAT = dwarf;
				DEFINES_MODULE = YES;
				DEVELOPMENT_TEAM = G5Q4DZX2NT;
				EMBED_ASSET_PACKS_IN_PRODUCT_BUNDLE = YES;
				ENABLE_MODULE_VERIFIER = YES;
				ENABLE_ON_DEMAND_RESOURCES = YES;
				ENABLE_STRICT_OBJC_MSGSEND = YES;
				ENABLE_TESTABILITY = YES;
				ENABLE_USER_SCRIPT_SANDBOXING = NO;
				GCC_C_LANGUAGE_STANDARD = gnu17;
				GCC_DYNAMIC_NO_PIC = NO;
				GCC_NO_COMMON_BLOCKS = YES;
				GCC_OPTIMIZATION_LEVEL = 0;
				GCC_PREPROCESSOR_DEFINITIONS = (
					"DEBUG=1",
					"$(inherited)",
				);
				GCC_WARN_64_TO_32_BIT_CONVERSION = YES;
				GCC_WARN_ABOUT_RETURN_TYPE = YES_ERROR;
				GCC_WARN_UNDECLARED_SELECTOR = YES;
				GCC_WARN_UNINITIALIZED_AUTOS = YES_AGGRESSIVE;
				GCC_WARN_UNUSED_FUNCTION = YES;
				GCC_WARN_UNUSED_VARIABLE = YES;
				IPHONEOS_DEPLOYMENT_TARGET = 16.0;
				LOCALIZATION_PREFERS_STRING_CATALOGS = YES;
				MODULE_VERIFIER_SUPPORTED_LANGUAGE_STANDARDS = "gnu17 gnu++20";
				MTL_ENABLE_DEBUG_INFO = INCLUDE_SOURCE;
				MTL_FAST_MATH = YES;
				ONLY_ACTIVE_ARCH = YES;
				SDKROOT = iphoneos;
				STRING_CATALOG_GENERATE_SYMBOLS = YES;
			};
			name = Debug;
		};
		10305DDF2D87ED230021DD5A /* Release */ = {
			isa = XCBuildConfiguration;
			buildSettings = {
				ALWAYS_SEARCH_USER_PATHS = NO;
				ASSETCATALOG_COMPILER_GENERATE_SWIFT_ASSET_SYMBOL_EXTENSIONS = YES;
				CLANG_ANALYZER_NONNULL = YES;
				CLANG_ANALYZER_NUMBER_OBJECT_CONVERSION = YES_AGGRESSIVE;
				CLANG_CXX_LANGUAGE_STANDARD = "gnu++20";
				CLANG_ENABLE_MODULES = YES;
				CLANG_ENABLE_OBJC_ARC = YES;
				CLANG_ENABLE_OBJC_WEAK = YES;
				CLANG_WARN_BLOCK_CAPTURE_AUTORELEASING = YES;
				CLANG_WARN_BOOL_CONVERSION = YES;
				CLANG_WARN_COMMA = YES;
				CLANG_WARN_CONSTANT_CONVERSION = YES;
				CLANG_WARN_DEPRECATED_OBJC_IMPLEMENTATIONS = YES;
				CLANG_WARN_DIRECT_OBJC_ISA_USAGE = YES_ERROR;
				CLANG_WARN_DOCUMENTATION_COMMENTS = YES;
				CLANG_WARN_EMPTY_BODY = YES;
				CLANG_WARN_ENUM_CONVERSION = YES;
				CLANG_WARN_INFINITE_RECURSION = YES;
				CLANG_WARN_INT_CONVERSION = YES;
				CLANG_WARN_NON_LITERAL_NULL_CONVERSION = YES;
				CLANG_WARN_OBJC_IMPLICIT_RETAIN_SELF = YES;
				CLANG_WARN_OBJC_LITERAL_CONVERSION = YES;
				CLANG_WARN_OBJC_ROOT_CLASS = YES_ERROR;
				CLANG_WARN_QUOTED_INCLUDE_IN_FRAMEWORK_HEADER = YES;
				CLANG_WARN_RANGE_LOOP_ANALYSIS = YES;
				CLANG_WARN_STRICT_PROTOTYPES = YES;
				CLANG_WARN_SUSPICIOUS_MOVE = YES;
				CLANG_WARN_UNGUARDED_AVAILABILITY = YES_AGGRESSIVE;
				CLANG_WARN_UNREACHABLE_CODE = YES;
				CLANG_WARN__DUPLICATE_METHOD_MATCH = YES;
				COPY_PHASE_STRIP = NO;
				DEBUG_INFORMATION_FORMAT = "dwarf-with-dsym";
				DEFINES_MODULE = YES;
				DEVELOPMENT_TEAM = G5Q4DZX2NT;
				EMBED_ASSET_PACKS_IN_PRODUCT_BUNDLE = YES;
				ENABLE_MODULE_VERIFIER = YES;
				ENABLE_NS_ASSERTIONS = NO;
				ENABLE_ON_DEMAND_RESOURCES = YES;
				ENABLE_STRICT_OBJC_MSGSEND = YES;
				ENABLE_USER_SCRIPT_SANDBOXING = NO;
				GCC_C_LANGUAGE_STANDARD = gnu17;
				GCC_NO_COMMON_BLOCKS = YES;
				GCC_WARN_64_TO_32_BIT_CONVERSION = YES;
				GCC_WARN_ABOUT_RETURN_TYPE = YES_ERROR;
				GCC_WARN_UNDECLARED_SELECTOR = YES;
				GCC_WARN_UNINITIALIZED_AUTOS = YES_AGGRESSIVE;
				GCC_WARN_UNUSED_FUNCTION = YES;
				GCC_WARN_UNUSED_VARIABLE = YES;
				IPHONEOS_DEPLOYMENT_TARGET = 16.0;
				LOCALIZATION_PREFERS_STRING_CATALOGS = YES;
				MODULE_VERIFIER_SUPPORTED_LANGUAGE_STANDARDS = "gnu17 gnu++20";
				MTL_ENABLE_DEBUG_INFO = NO;
				MTL_FAST_MATH = YES;
				SDKROOT = iphoneos;
				STRING_CATALOG_GENERATE_SYMBOLS = YES;
				SWIFT_COMPILATION_MODE = wholemodule;
				VALIDATE_PRODUCT = YES;
			};
			name = Release;
		};
		10305DE12D87ED230021DD5A /* Debug */ = {
			isa = XCBuildConfiguration;
			buildSettings = {
				BUNDLE_LOADER = "$(TEST_HOST)";
				CODE_SIGN_STYLE = Automatic;
				CURRENT_PROJECT_VERSION = 1;
				GENERATE_INFOPLIST_FILE = YES;
				IPHONEOS_DEPLOYMENT_TARGET = 16.0;
				MARKETING_VERSION = 1.0;
				PRODUCT_BUNDLE_IDENTIFIER = ariobstudio.AriobTests;
				PRODUCT_NAME = "$(TARGET_NAME)";
				SWIFT_EMIT_LOC_STRINGS = NO;
				TARGETED_DEVICE_FAMILY = "1,2";
				TEST_HOST = "$(BUILT_PRODUCTS_DIR)/Ariob.app/$(BUNDLE_EXECUTABLE_FOLDER_PATH)/Ariob";
			};
			name = Debug;
		};
		10305DE22D87ED230021DD5A /* Release */ = {
			isa = XCBuildConfiguration;
			buildSettings = {
				BUNDLE_LOADER = "$(TEST_HOST)";
				CODE_SIGN_STYLE = Automatic;
				CURRENT_PROJECT_VERSION = 1;
				GENERATE_INFOPLIST_FILE = YES;
				IPHONEOS_DEPLOYMENT_TARGET = 16.0;
				MARKETING_VERSION = 1.0;
				PRODUCT_BUNDLE_IDENTIFIER = ariobstudio.AriobTests;
				PRODUCT_NAME = "$(TARGET_NAME)";
				SWIFT_EMIT_LOC_STRINGS = NO;
				TARGETED_DEVICE_FAMILY = "1,2";
				TEST_HOST = "$(BUILT_PRODUCTS_DIR)/Ariob.app/$(BUNDLE_EXECUTABLE_FOLDER_PATH)/Ariob";
			};
			name = Release;
		};
		10305DE42D87ED230021DD5A /* Debug */ = {
			isa = XCBuildConfiguration;
			buildSettings = {
				CODE_SIGN_STYLE = Automatic;
				CURRENT_PROJECT_VERSION = 1;
				GENERATE_INFOPLIST_FILE = YES;
				MARKETING_VERSION = 1.0;
				PRODUCT_BUNDLE_IDENTIFIER = ariobstudio.AriobUITests;
				PRODUCT_NAME = "$(TARGET_NAME)";
				SWIFT_EMIT_LOC_STRINGS = NO;
				TARGETED_DEVICE_FAMILY = "1,2";
				TEST_TARGET_NAME = Ariob;
			};
			name = Debug;
		};
		10305DE52D87ED230021DD5A /* Release */ = {
			isa = XCBuildConfiguration;
			buildSettings = {
				CODE_SIGN_STYLE = Automatic;
				CURRENT_PROJECT_VERSION = 1;
				GENERATE_INFOPLIST_FILE = YES;
				MARKETING_VERSION = 1.0;
				PRODUCT_BUNDLE_IDENTIFIER = ariobstudio.AriobUITests;
				PRODUCT_NAME = "$(TARGET_NAME)";
				SWIFT_EMIT_LOC_STRINGS = NO;
				TARGETED_DEVICE_FAMILY = "1,2";
				TEST_TARGET_NAME = Ariob;
			};
			name = Release;
		};
/* End XCBuildConfiguration section */

/* Begin XCConfigurationList section */
		10305DA82D87ED200021DD5A /* Build configuration list for PBXProject "Ariob" */ = {
			isa = XCConfigurationList;
			buildConfigurations = (
				10305DDE2D87ED230021DD5A /* Debug */,
				10305DDF2D87ED230021DD5A /* Release */,
			);
			defaultConfigurationIsVisible = 0;
			defaultConfigurationName = Debug;
		};
		10305DDB2D87ED230021DD5A /* Build configuration list for PBXNativeTarget "Ariob" */ = {
			isa = XCConfigurationList;
			buildConfigurations = (
				10305DDC2D87ED230021DD5A /* Debug */,
				10305DDD2D87ED230021DD5A /* Release */,
			);
			defaultConfigurationIsVisible = 0;
			defaultConfigurationName = Debug;
		};
		10305DE02D87ED230021DD5A /* Build configuration list for PBXNativeTarget "AriobTests" */ = {
			isa = XCConfigurationList;
			buildConfigurations = (
				10305DE12D87ED230021DD5A /* Debug */,
				10305DE22D87ED230021DD5A /* Release */,
			);
			defaultConfigurationIsVisible = 0;
			defaultConfigurationName = Debug;
		};
		10305DE32D87ED230021DD5A /* Build configuration list for PBXNativeTarget "AriobUITests" */ = {
			isa = XCConfigurationList;
			buildConfigurations = (
				10305DE42D87ED230021DD5A /* Debug */,
				10305DE52D87ED230021DD5A /* Release */,
			);
			defaultConfigurationIsVisible = 0;
			defaultConfigurationName = Debug;
		};
/* End XCConfigurationList section */

/* Begin XCRemoteSwiftPackageReference section */
		10388F522E827FD8000C60D5 /* XCRemoteSwiftPackageReference "mlx-swift" */ = {
			isa = XCRemoteSwiftPackageReference;
			repositoryURL = "https://github.com/ml-explore/mlx-swift.git";
			requirement = {
				kind = upToNextMajorVersion;
				minimumVersion = 0.25.6;
			};
		};
		10388F612E827FEF000C60D5 /* XCRemoteSwiftPackageReference "swift-transformers" */ = {
			isa = XCRemoteSwiftPackageReference;
			repositoryURL = "https://github.com/huggingface/swift-transformers";
			requirement = {
				kind = upToNextMajorVersion;
				minimumVersion = 0.1.24;
			};
		};
		10ADBC732E89DA4D00F4CDCD /* XCRemoteSwiftPackageReference "mlx-swift-examples" */ = {
			isa = XCRemoteSwiftPackageReference;
			repositoryURL = "https://github.com/ml-explore/mlx-swift-examples.git";
			requirement = {
				kind = upToNextMajorVersion;
				minimumVersion = 2.25.7;
			};
		};
		10ADC1802E8E5FB000F4CDCD /* XCRemoteSwiftPackageReference "swift-collections" */ = {
			isa = XCRemoteSwiftPackageReference;
			repositoryURL = "https://github.com/apple/swift-collections.git";
			requirement = {
				kind = upToNextMajorVersion;
				minimumVersion = 1.3.0;
			};
		};
		10ADC1972E8E61DC00F4CDCD /* XCRemoteSwiftPackageReference "swift-numerics" */ = {
			isa = XCRemoteSwiftPackageReference;
			repositoryURL = "https://github.com/apple/swift-numerics.git";
			requirement = {
				kind = upToNextMajorVersion;
				minimumVersion = 1.1.1;
			};
		};
/* End XCRemoteSwiftPackageReference section */

/* Begin XCSwiftPackageProductDependency section */
		10388F532E827FD8000C60D5 /* MLX */ = {
			isa = XCSwiftPackageProductDependency;
			package = 10388F522E827FD8000C60D5 /* XCRemoteSwiftPackageReference "mlx-swift" */;
			productName = MLX;
		};
		10388F552E827FD8000C60D5 /* MLXFFT */ = {
			isa = XCSwiftPackageProductDependency;
			package = 10388F522E827FD8000C60D5 /* XCRemoteSwiftPackageReference "mlx-swift" */;
			productName = MLXFFT;
		};
		10388F572E827FD8000C60D5 /* MLXFast */ = {
			isa = XCSwiftPackageProductDependency;
			package = 10388F522E827FD8000C60D5 /* XCRemoteSwiftPackageReference "mlx-swift" */;
			productName = MLXFast;
		};
		10388F592E827FD8000C60D5 /* MLXLinalg */ = {
			isa = XCSwiftPackageProductDependency;
			package = 10388F522E827FD8000C60D5 /* XCRemoteSwiftPackageReference "mlx-swift" */;
			productName = MLXLinalg;
		};
		10388F5B2E827FD8000C60D5 /* MLXNN */ = {
			isa = XCSwiftPackageProductDependency;
			package = 10388F522E827FD8000C60D5 /* XCRemoteSwiftPackageReference "mlx-swift" */;
			productName = MLXNN;
		};
		10388F5D2E827FD8000C60D5 /* MLXOptimizers */ = {
			isa = XCSwiftPackageProductDependency;
			package = 10388F522E827FD8000C60D5 /* XCRemoteSwiftPackageReference "mlx-swift" */;
			productName = MLXOptimizers;
		};
		10388F5F2E827FD8000C60D5 /* MLXRandom */ = {
			isa = XCSwiftPackageProductDependency;
			package = 10388F522E827FD8000C60D5 /* XCRemoteSwiftPackageReference "mlx-swift" */;
			productName = MLXRandom;
		};
		10388F622E827FEF000C60D5 /* Transformers */ = {
			isa = XCSwiftPackageProductDependency;
			package = 10388F612E827FEF000C60D5 /* XCRemoteSwiftPackageReference "swift-transformers" */;
			productName = Transformers;
		};
		10ADBC742E89DA4D00F4CDCD /* MLXEmbedders */ = {
			isa = XCSwiftPackageProductDependency;
			package = 10ADBC732E89DA4D00F4CDCD /* XCRemoteSwiftPackageReference "mlx-swift-examples" */;
			productName = MLXEmbedders;
		};
		10ADBC762E89DA4D00F4CDCD /* MLXLLM */ = {
			isa = XCSwiftPackageProductDependency;
			package = 10ADBC732E89DA4D00F4CDCD /* XCRemoteSwiftPackageReference "mlx-swift-examples" */;
			productName = MLXLLM;
		};
		10ADBC782E89DA4D00F4CDCD /* MLXLMCommon */ = {
			isa = XCSwiftPackageProductDependency;
			package = 10ADBC732E89DA4D00F4CDCD /* XCRemoteSwiftPackageReference "mlx-swift-examples" */;
			productName = MLXLMCommon;
		};
		10ADBC7A2E89DA4D00F4CDCD /* MLXMNIST */ = {
			isa = XCSwiftPackageProductDependency;
			package = 10ADBC732E89DA4D00F4CDCD /* XCRemoteSwiftPackageReference "mlx-swift-examples" */;
			productName = MLXMNIST;
		};
		10ADBC7C2E89DA4D00F4CDCD /* MLXVLM */ = {
			isa = XCSwiftPackageProductDependency;
			package = 10ADBC732E89DA4D00F4CDCD /* XCRemoteSwiftPackageReference "mlx-swift-examples" */;
			productName = MLXVLM;
		};
		10ADC1582E8E519800F4CDCD /* MLXEmbedders */ = {
			isa = XCSwiftPackageProductDependency;
			package = 10ADBC732E89DA4D00F4CDCD /* XCRemoteSwiftPackageReference "mlx-swift-examples" */;
			productName = MLXEmbedders;
		};
		10ADC15A2E8E519800F4CDCD /* MLXLLM */ = {
			isa = XCSwiftPackageProductDependency;
			package = 10ADBC732E89DA4D00F4CDCD /* XCRemoteSwiftPackageReference "mlx-swift-examples" */;
			productName = MLXLLM;
		};
		10ADC15C2E8E519800F4CDCD /* MLXLMCommon */ = {
			isa = XCSwiftPackageProductDependency;
			package = 10ADBC732E89DA4D00F4CDCD /* XCRemoteSwiftPackageReference "mlx-swift-examples" */;
			productName = MLXLMCommon;
		};
		10ADC15E2E8E519800F4CDCD /* MLXMNIST */ = {
			isa = XCSwiftPackageProductDependency;
			package = 10ADBC732E89DA4D00F4CDCD /* XCRemoteSwiftPackageReference "mlx-swift-examples" */;
			productName = MLXMNIST;
		};
		10ADC1602E8E519800F4CDCD /* MLXVLM */ = {
			isa = XCSwiftPackageProductDependency;
			package = 10ADBC732E89DA4D00F4CDCD /* XCRemoteSwiftPackageReference "mlx-swift-examples" */;
			productName = MLXVLM;
		};
		10ADC1622E8E519800F4CDCD /* StableDiffusion */ = {
			isa = XCSwiftPackageProductDependency;
			package = 10ADBC732E89DA4D00F4CDCD /* XCRemoteSwiftPackageReference "mlx-swift-examples" */;
			productName = StableDiffusion;
		};
		10ADC1642E8E51C800F4CDCD /* MLX */ = {
			isa = XCSwiftPackageProductDependency;
			package = 10388F522E827FD8000C60D5 /* XCRemoteSwiftPackageReference "mlx-swift" */;
			productName = MLX;
		};
		10ADC1662E8E51C800F4CDCD /* MLXFFT */ = {
			isa = XCSwiftPackageProductDependency;
			package = 10388F522E827FD8000C60D5 /* XCRemoteSwiftPackageReference "mlx-swift" */;
			productName = MLXFFT;
		};
		10ADC1682E8E51C800F4CDCD /* MLXFast */ = {
			isa = XCSwiftPackageProductDependency;
			package = 10388F522E827FD8000C60D5 /* XCRemoteSwiftPackageReference "mlx-swift" */;
			productName = MLXFast;
		};
		10ADC16A2E8E51C800F4CDCD /* MLXLinalg */ = {
			isa = XCSwiftPackageProductDependency;
			package = 10388F522E827FD8000C60D5 /* XCRemoteSwiftPackageReference "mlx-swift" */;
			productName = MLXLinalg;
		};
		10ADC16C2E8E51C800F4CDCD /* MLXNN */ = {
			isa = XCSwiftPackageProductDependency;
			package = 10388F522E827FD8000C60D5 /* XCRemoteSwiftPackageReference "mlx-swift" */;
			productName = MLXNN;
		};
		10ADC16E2E8E51C800F4CDCD /* MLXOptimizers */ = {
			isa = XCSwiftPackageProductDependency;
			package = 10388F522E827FD8000C60D5 /* XCRemoteSwiftPackageReference "mlx-swift" */;
			productName = MLXOptimizers;
		};
		10ADC1702E8E51C800F4CDCD /* MLXRandom */ = {
			isa = XCSwiftPackageProductDependency;
			package = 10388F522E827FD8000C60D5 /* XCRemoteSwiftPackageReference "mlx-swift" */;
			productName = MLXRandom;
		};
		10ADC1722E8E51C800F4CDCD /* Transformers */ = {
			isa = XCSwiftPackageProductDependency;
			package = 10388F612E827FEF000C60D5 /* XCRemoteSwiftPackageReference "swift-transformers" */;
			productName = Transformers;
		};
		10ADC1742E8E51C800F4CDCD /* MLXEmbedders */ = {
			isa = XCSwiftPackageProductDependency;
			package = 10ADBC732E89DA4D00F4CDCD /* XCRemoteSwiftPackageReference "mlx-swift-examples" */;
			productName = MLXEmbedders;
		};
		10ADC1762E8E51C800F4CDCD /* MLXLLM */ = {
			isa = XCSwiftPackageProductDependency;
			package = 10ADBC732E89DA4D00F4CDCD /* XCRemoteSwiftPackageReference "mlx-swift-examples" */;
			productName = MLXLLM;
		};
		10ADC1782E8E51C800F4CDCD /* MLXLMCommon */ = {
			isa = XCSwiftPackageProductDependency;
			package = 10ADBC732E89DA4D00F4CDCD /* XCRemoteSwiftPackageReference "mlx-swift-examples" */;
			productName = MLXLMCommon;
		};
		10ADC17A2E8E51C800F4CDCD /* MLXMNIST */ = {
			isa = XCSwiftPackageProductDependency;
			package = 10ADBC732E89DA4D00F4CDCD /* XCRemoteSwiftPackageReference "mlx-swift-examples" */;
			productName = MLXMNIST;
		};
		10ADC17C2E8E51C800F4CDCD /* MLXVLM */ = {
			isa = XCSwiftPackageProductDependency;
			package = 10ADBC732E89DA4D00F4CDCD /* XCRemoteSwiftPackageReference "mlx-swift-examples" */;
			productName = MLXVLM;
		};
		10ADC17E2E8E51C800F4CDCD /* StableDiffusion */ = {
			isa = XCSwiftPackageProductDependency;
			package = 10ADBC732E89DA4D00F4CDCD /* XCRemoteSwiftPackageReference "mlx-swift-examples" */;
			productName = StableDiffusion;
		};
		10ADC1812E8E5FB000F4CDCD /* OrderedCollections */ = {
			isa = XCSwiftPackageProductDependency;
			package = 10ADC1802E8E5FB000F4CDCD /* XCRemoteSwiftPackageReference "swift-collections" */;
			productName = OrderedCollections;
		};
		10ADC1832E8E613D00F4CDCD /* BasicContainers */ = {
			isa = XCSwiftPackageProductDependency;
			package = 10ADC1802E8E5FB000F4CDCD /* XCRemoteSwiftPackageReference "swift-collections" */;
			productName = BasicContainers;
		};
		10ADC1852E8E613D00F4CDCD /* BitCollections */ = {
			isa = XCSwiftPackageProductDependency;
			package = 10ADC1802E8E5FB000F4CDCD /* XCRemoteSwiftPackageReference "swift-collections" */;
			productName = BitCollections;
		};
		10ADC1872E8E613D00F4CDCD /* Collections */ = {
			isa = XCSwiftPackageProductDependency;
			package = 10ADC1802E8E5FB000F4CDCD /* XCRemoteSwiftPackageReference "swift-collections" */;
			productName = Collections;
		};
		10ADC1892E8E613D00F4CDCD /* ContainersPreview */ = {
			isa = XCSwiftPackageProductDependency;
			package = 10ADC1802E8E5FB000F4CDCD /* XCRemoteSwiftPackageReference "swift-collections" */;
			productName = ContainersPreview;
		};
		10ADC18B2E8E613D00F4CDCD /* DequeModule */ = {
			isa = XCSwiftPackageProductDependency;
			package = 10ADC1802E8E5FB000F4CDCD /* XCRemoteSwiftPackageReference "swift-collections" */;
			productName = DequeModule;
		};
		10ADC18D2E8E613D00F4CDCD /* HashTreeCollections */ = {
			isa = XCSwiftPackageProductDependency;
			package = 10ADC1802E8E5FB000F4CDCD /* XCRemoteSwiftPackageReference "swift-collections" */;
			productName = HashTreeCollections;
		};
		10ADC18F2E8E613D00F4CDCD /* HeapModule */ = {
			isa = XCSwiftPackageProductDependency;
			package = 10ADC1802E8E5FB000F4CDCD /* XCRemoteSwiftPackageReference "swift-collections" */;
			productName = HeapModule;
		};
		10ADC1912E8E613D00F4CDCD /* OrderedCollections */ = {
			isa = XCSwiftPackageProductDependency;
			package = 10ADC1802E8E5FB000F4CDCD /* XCRemoteSwiftPackageReference "swift-collections" */;
			productName = OrderedCollections;
		};
		10ADC1932E8E613D00F4CDCD /* TrailingElementsModule */ = {
			isa = XCSwiftPackageProductDependency;
			package = 10ADC1802E8E5FB000F4CDCD /* XCRemoteSwiftPackageReference "swift-collections" */;
			productName = TrailingElementsModule;
		};
		10ADC1952E8E613D00F4CDCD /* _RopeModule */ = {
			isa = XCSwiftPackageProductDependency;
			package = 10ADC1802E8E5FB000F4CDCD /* XCRemoteSwiftPackageReference "swift-collections" */;
			productName = _RopeModule;
		};
		10ADC1982E8E61DC00F4CDCD /* ComplexModule */ = {
			isa = XCSwiftPackageProductDependency;
			package = 10ADC1972E8E61DC00F4CDCD /* XCRemoteSwiftPackageReference "swift-numerics" */;
			productName = ComplexModule;
		};
		10ADC19A2E8E61DC00F4CDCD /* Numerics */ = {
			isa = XCSwiftPackageProductDependency;
			package = 10ADC1972E8E61DC00F4CDCD /* XCRemoteSwiftPackageReference "swift-numerics" */;
			productName = Numerics;
		};
		10ADC19C2E8E61DC00F4CDCD /* RealModule */ = {
			isa = XCSwiftPackageProductDependency;
			package = 10ADC1972E8E61DC00F4CDCD /* XCRemoteSwiftPackageReference "swift-numerics" */;
			productName = RealModule;
		};
		10ADC19E2E8E629700F4CDCD /* ComplexModule */ = {
			isa = XCSwiftPackageProductDependency;
			package = 10ADC1972E8E61DC00F4CDCD /* XCRemoteSwiftPackageReference "swift-numerics" */;
			productName = ComplexModule;
		};
		10ADC1A02E8E629700F4CDCD /* Numerics */ = {
			isa = XCSwiftPackageProductDependency;
			package = 10ADC1972E8E61DC00F4CDCD /* XCRemoteSwiftPackageReference "swift-numerics" */;
			productName = Numerics;
		};
		10ADC1A22E8E629700F4CDCD /* RealModule */ = {
			isa = XCSwiftPackageProductDependency;
			package = 10ADC1972E8E61DC00F4CDCD /* XCRemoteSwiftPackageReference "swift-numerics" */;
			productName = RealModule;
		};
		10ADC1A42E8E631100F4CDCD /* ComplexModule */ = {
			isa = XCSwiftPackageProductDependency;
			package = 10ADC1972E8E61DC00F4CDCD /* XCRemoteSwiftPackageReference "swift-numerics" */;
			productName = ComplexModule;
		};
		10ADC1A62E8E631100F4CDCD /* Numerics */ = {
			isa = XCSwiftPackageProductDependency;
			package = 10ADC1972E8E61DC00F4CDCD /* XCRemoteSwiftPackageReference "swift-numerics" */;
			productName = Numerics;
		};
		10ADC1A82E8E631100F4CDCD /* RealModule */ = {
			isa = XCSwiftPackageProductDependency;
			package = 10ADC1972E8E61DC00F4CDCD /* XCRemoteSwiftPackageReference "swift-numerics" */;
			productName = RealModule;
		};
		10ADC1AA2E8E633100F4CDCD /* BasicContainers */ = {
			isa = XCSwiftPackageProductDependency;
			package = 10ADC1802E8E5FB000F4CDCD /* XCRemoteSwiftPackageReference "swift-collections" */;
			productName = BasicContainers;
		};
		10ADC1AC2E8E633100F4CDCD /* BitCollections */ = {
			isa = XCSwiftPackageProductDependency;
			package = 10ADC1802E8E5FB000F4CDCD /* XCRemoteSwiftPackageReference "swift-collections" */;
			productName = BitCollections;
		};
		10ADC1AE2E8E633100F4CDCD /* Collections */ = {
			isa = XCSwiftPackageProductDependency;
			package = 10ADC1802E8E5FB000F4CDCD /* XCRemoteSwiftPackageReference "swift-collections" */;
			productName = Collections;
		};
		10ADC1B02E8E633100F4CDCD /* ContainersPreview */ = {
			isa = XCSwiftPackageProductDependency;
			package = 10ADC1802E8E5FB000F4CDCD /* XCRemoteSwiftPackageReference "swift-collections" */;
			productName = ContainersPreview;
		};
		10ADC1B22E8E633100F4CDCD /* DequeModule */ = {
			isa = XCSwiftPackageProductDependency;
			package = 10ADC1802E8E5FB000F4CDCD /* XCRemoteSwiftPackageReference "swift-collections" */;
			productName = DequeModule;
		};
		10ADC1B42E8E633100F4CDCD /* HashTreeCollections */ = {
			isa = XCSwiftPackageProductDependency;
			package = 10ADC1802E8E5FB000F4CDCD /* XCRemoteSwiftPackageReference "swift-collections" */;
			productName = HashTreeCollections;
		};
		10ADC1B62E8E633100F4CDCD /* HeapModule */ = {
			isa = XCSwiftPackageProductDependency;
			package = 10ADC1802E8E5FB000F4CDCD /* XCRemoteSwiftPackageReference "swift-collections" */;
			productName = HeapModule;
		};
		10ADC1B82E8E633100F4CDCD /* OrderedCollections */ = {
			isa = XCSwiftPackageProductDependency;
			package = 10ADC1802E8E5FB000F4CDCD /* XCRemoteSwiftPackageReference "swift-collections" */;
			productName = OrderedCollections;
		};
		10ADC1BA2E8E633100F4CDCD /* TrailingElementsModule */ = {
			isa = XCSwiftPackageProductDependency;
			package = 10ADC1802E8E5FB000F4CDCD /* XCRemoteSwiftPackageReference "swift-collections" */;
			productName = TrailingElementsModule;
		};
		10ADC1BC2E8E633100F4CDCD /* _RopeModule */ = {
			isa = XCSwiftPackageProductDependency;
			package = 10ADC1802E8E5FB000F4CDCD /* XCRemoteSwiftPackageReference "swift-collections" */;
			productName = _RopeModule;
		};
/* End XCSwiftPackageProductDependency section */
	};
	rootObject = 10305DA52D87ED200021DD5A /* Project object */;
}
