// !$*UTF8*$!
{
	archiveVersion = 1;
	classes = {
	};
	objectVersion = 77;
	objects = {

/* Begin PBXBuildFile section */
		10FE12DB2D87F5790092961B /* main.lynx.bundle in Resources */ = {isa = PBXBuildFile; fileRef = 10FE12DA2D87F5790092961B /* main.lynx.bundle */; };
		2B5015C11E8DAAE76262AEFB /* libPods-Ariob.a in Frameworks */ = {isa = PBXBuildFile; fileRef = 18DF23D473B478DE779CDB7C /* libPods-Ariob.a */; };
/* End PBXBuildFile section */

/* Begin PBXContainerItemProxy section */
		10305DC92D87ED230021DD5A /* PBXContainerItemProxy */ = {
			isa = PBXContainerItemProxy;
			containerPortal = 10305DA52D87ED200021DD5A /* Project object */;
			proxyType = 1;
			remoteGlobalIDString = 10305DAC2D87ED200021DD5A;
			remoteInfo = Ariob;
		};
		10305DD32D87ED230021DD5A /* PBXContainerItemProxy */ = {
			isa = PBXContainerItemProxy;
			containerPortal = 10305DA52D87ED200021DD5A /* Project object */;
			proxyType = 1;
			remoteGlobalIDString = 10305DAC2D87ED200021DD5A;
			remoteInfo = Ariob;
		};
/* End PBXContainerItemProxy section */

/* Begin PBXFileReference section */
		10305DAD2D87ED200021DD5A /* Ariob.app */ = {isa = PBXFileReference; explicitFileType = wrapper.application; includeInIndex = 0; path = Ariob.app; sourceTree = BUILT_PRODUCTS_DIR; };
		10305DC82D87ED230021DD5A /* AriobTests.xctest */ = {isa = PBXFileReference; explicitFileType = wrapper.cfbundle; includeInIndex = 0; path = AriobTests.xctest; sourceTree = BUILT_PRODUCTS_DIR; };
		10305DD22D87ED230021DD5A /* AriobUITests.xctest */ = {isa = PBXFileReference; explicitFileType = wrapper.cfbundle; includeInIndex = 0; path = AriobUITests.xctest; sourceTree = BUILT_PRODUCTS_DIR; };
		10FE12DA2D87F5790092961B /* main.lynx.bundle */ = {isa = PBXFileReference; lastKnownFileType = file; path = main.lynx.bundle; sourceTree = "<group>"; };
		18DF23D473B478DE779CDB7C /* libPods-Ariob.a */ = {isa = PBXFileReference; explicitFileType = archive.ar; includeInIndex = 0; path = "libPods-Ariob.a"; sourceTree = BUILT_PRODUCTS_DIR; };
		55671280303B1509CF209C94 /* Pods-Ariob.release.xcconfig */ = {isa = PBXFileReference; includeInIndex = 1; lastKnownFileType = text.xcconfig; name = "Pods-Ariob.release.xcconfig"; path = "Target Support Files/Pods-Ariob/Pods-Ariob.release.xcconfig"; sourceTree = "<group>"; };
		5AFFBF0E735E78936CAE018D /* Pods-Ariob.debug.xcconfig */ = {isa = PBXFileReference; includeInIndex = 1; lastKnownFileType = text.xcconfig; name = "Pods-Ariob.debug.xcconfig"; path = "Target Support Files/Pods-Ariob/Pods-Ariob.debug.xcconfig"; sourceTree = "<group>"; };
/* End PBXFileReference section */

/* Begin PBXFileSystemSynchronizedBuildFileExceptionSet section */
		10305DDA2D87ED230021DD5A /* Exceptions for "Ariob" folder in "Ariob" target */ = {
			isa = PBXFileSystemSynchronizedBuildFileExceptionSet;
			membershipExceptions = (
				Info.plist,
			);
			target = 10305DAC2D87ED200021DD5A /* Ariob */;
		};
/* End PBXFileSystemSynchronizedBuildFileExceptionSet section */

/* Begin PBXFileSystemSynchronizedRootGroup section */
		10305DAF2D87ED200021DD5A /* Ariob */ = {
			isa = PBXFileSystemSynchronizedRootGroup;
			exceptions = (
				10305DDA2D87ED230021DD5A /* Exceptions for "Ariob" folder in "Ariob" target */,
			);
			path = Ariob;
			sourceTree = "<group>";
		};
		10305DCB2D87ED230021DD5A /* AriobTests */ = {
			isa = PBXFileSystemSynchronizedRootGroup;
			path = AriobTests;
			sourceTree = "<group>";
		};
		10305DD52D87ED230021DD5A /* AriobUITests */ = {
			isa = PBXFileSystemSynchronizedRootGroup;
			path = AriobUITests;
			sourceTree = "<group>";
		};
/* End PBXFileSystemSynchronizedRootGroup section */

/* Begin PBXFrameworksBuildPhase section */
		10305DAA2D87ED200021DD5A /* Frameworks */ = {
			isa = PBXFrameworksBuildPhase;
			buildActionMask = 2147483647;
			files = (
				2B5015C11E8DAAE76262AEFB /* libPods-Ariob.a in Frameworks */,
			);
			runOnlyForDeploymentPostprocessing = 0;
		};
		10305DC52D87ED230021DD5A /* Frameworks */ = {
			isa = PBXFrameworksBuildPhase;
			buildActionMask = 2147483647;
			files = (
			);
			runOnlyForDeploymentPostprocessing = 0;
		};
		10305DCF2D87ED230021DD5A /* Frameworks */ = {
			isa = PBXFrameworksBuildPhase;
			buildActionMask = 2147483647;
			files = (
			);
			runOnlyForDeploymentPostprocessing = 0;
		};
/* End PBXFrameworksBuildPhase section */

/* Begin PBXGroup section */
		10305DA42D87ED200021DD5A = {
			isa = PBXGroup;
			children = (
				10FE12DA2D87F5790092961B /* main.lynx.bundle */,
				10305DAF2D87ED200021DD5A /* Ariob */,
				10305DCB2D87ED230021DD5A /* AriobTests */,
				10305DD52D87ED230021DD5A /* AriobUITests */,
				10305DAE2D87ED200021DD5A /* Products */,
				D6B14ADC0200603460039318 /* Pods */,
				7421C64929A36A780FDFF852 /* Frameworks */,
			);
			sourceTree = "<group>";
		};
		10305DAE2D87ED200021DD5A /* Products */ = {
			isa = PBXGroup;
			children = (
				10305DAD2D87ED200021DD5A /* Ariob.app */,
				10305DC82D87ED230021DD5A /* AriobTests.xctest */,
				10305DD22D87ED230021DD5A /* AriobUITests.xctest */,
			);
			name = Products;
			sourceTree = "<group>";
		};
		7421C64929A36A780FDFF852 /* Frameworks */ = {
			isa = PBXGroup;
			children = (
				18DF23D473B478DE779CDB7C /* libPods-Ariob.a */,
			);
			name = Frameworks;
			sourceTree = "<group>";
		};
		D6B14ADC0200603460039318 /* Pods */ = {
			isa = PBXGroup;
			children = (
				5AFFBF0E735E78936CAE018D /* Pods-Ariob.debug.xcconfig */,
				55671280303B1509CF209C94 /* Pods-Ariob.release.xcconfig */,
			);
			path = Pods;
			sourceTree = "<group>";
		};
/* End PBXGroup section */

/* Begin PBXNativeTarget section */
		10305DAC2D87ED200021DD5A /* Ariob */ = {
			isa = PBXNativeTarget;
			buildConfigurationList = 10305DDB2D87ED230021DD5A /* Build configuration list for PBXNativeTarget "Ariob" */;
			buildPhases = (
				6141F731BF6DDD11ED1C5A24 /* [CP] Check Pods Manifest.lock */,
				10305DA92D87ED200021DD5A /* Sources */,
				10305DAA2D87ED200021DD5A /* Frameworks */,
				10305DAB2D87ED200021DD5A /* Resources */,
				630DD57A25E535E9668CEBF7 /* [CP] Copy Pods Resources */,
			);
			buildRules = (
			);
			dependencies = (
			);
			fileSystemSynchronizedGroups = (
				10305DAF2D87ED200021DD5A /* Ariob */,
			);
			name = Ariob;
			productName = Ariob;
			productReference = 10305DAD2D87ED200021DD5A /* Ariob.app */;
			productType = "com.apple.product-type.application";
		};
		10305DC72D87ED230021DD5A /* AriobTests */ = {
			isa = PBXNativeTarget;
			buildConfigurationList = 10305DE02D87ED230021DD5A /* Build configuration list for PBXNativeTarget "AriobTests" */;
			buildPhases = (
				10305DC42D87ED230021DD5A /* Sources */,
				10305DC52D87ED230021DD5A /* Frameworks */,
				10305DC62D87ED230021DD5A /* Resources */,
			);
			buildRules = (
			);
			dependencies = (
				10305DCA2D87ED230021DD5A /* PBXTargetDependency */,
			);
			fileSystemSynchronizedGroups = (
				10305DCB2D87ED230021DD5A /* AriobTests */,
			);
			name = AriobTests;
			productName = AriobTests;
			productReference = 10305DC82D87ED230021DD5A /* AriobTests.xctest */;
			productType = "com.apple.product-type.bundle.unit-test";
		};
		10305DD12D87ED230021DD5A /* AriobUITests */ = {
			isa = PBXNativeTarget;
			buildConfigurationList = 10305DE32D87ED230021DD5A /* Build configuration list for PBXNativeTarget "AriobUITests" */;
			buildPhases = (
				10305DCE2D87ED230021DD5A /* Sources */,
				10305DCF2D87ED230021DD5A /* Frameworks */,
				10305DD02D87ED230021DD5A /* Resources */,
			);
			buildRules = (
			);
			dependencies = (
				10305DD42D87ED230021DD5A /* PBXTargetDependency */,
			);
			fileSystemSynchronizedGroups = (
				10305DD52D87ED230021DD5A /* AriobUITests */,
			);
			name = AriobUITests;
			productName = AriobUITests;
			productReference = 10305DD22D87ED230021DD5A /* AriobUITests.xctest */;
			productType = "com.apple.product-type.bundle.ui-testing";
		};
/* End PBXNativeTarget section */

/* Begin PBXProject section */
		10305DA52D87ED200021DD5A /* Project object */ = {
			isa = PBXProject;
			attributes = {
				BuildIndependentTargetsInParallel = NO;
				LastUpgradeCheck = 1620;
				TargetAttributes = {
					10305DAC2D87ED200021DD5A = {
						CreatedOnToolsVersion = 16.2;
						LastSwiftMigration = 1620;
					};
					10305DC72D87ED230021DD5A = {
						CreatedOnToolsVersion = 16.2;
						TestTargetID = 10305DAC2D87ED200021DD5A;
					};
					10305DD12D87ED230021DD5A = {
						CreatedOnToolsVersion = 16.2;
						TestTargetID = 10305DAC2D87ED200021DD5A;
					};
				};
			};
			buildConfigurationList = 10305DA82D87ED200021DD5A /* Build configuration list for PBXProject "Ariob" */;
			developmentRegion = en;
			hasScannedForEncodings = 0;
			knownRegions = (
				en,
				Base,
			);
			mainGroup = 10305DA42D87ED200021DD5A;
			minimizedProjectReferenceProxies = 1;
			packageReferences = (
			);
			preferredProjectObjectVersion = 77;
			productRefGroup = 10305DAE2D87ED200021DD5A /* Products */;
			projectDirPath = "";
			projectRoot = "";
			targets = (
				10305DAC2D87ED200021DD5A /* Ariob */,
				10305DC72D87ED230021DD5A /* AriobTests */,
				10305DD12D87ED230021DD5A /* AriobUITests */,
			);
		};
/* End PBXProject section */

/* Begin PBXResourcesBuildPhase section */
		10305DAB2D87ED200021DD5A /* Resources */ = {
			isa = PBXResourcesBuildPhase;
			buildActionMask = 2147483647;
			files = (
				10FE12DB2D87F5790092961B /* main.lynx.bundle in Resources */,
			);
			runOnlyForDeploymentPostprocessing = 0;
		};
		10305DC62D87ED230021DD5A /* Resources */ = {
			isa = PBXResourcesBuildPhase;
			buildActionMask = 2147483647;
			files = (
			);
			runOnlyForDeploymentPostprocessing = 0;
		};
		10305DD02D87ED230021DD5A /* Resources */ = {
			isa = PBXResourcesBuildPhase;
			buildActionMask = 2147483647;
			files = (
			);
			runOnlyForDeploymentPostprocessing = 0;
		};
/* End PBXResourcesBuildPhase section */

/* Begin PBXShellScriptBuildPhase section */
		6141F731BF6DDD11ED1C5A24 /* [CP] Check Pods Manifest.lock */ = {
			isa = PBXShellScriptBuildPhase;
			buildActionMask = 2147483647;
			files = (
			);
			inputFileListPaths = (
			);
			inputPaths = (
				"${PODS_PODFILE_DIR_PATH}/Podfile.lock",
				"${PODS_ROOT}/Manifest.lock",
			);
			name = "[CP] Check Pods Manifest.lock";
			outputFileListPaths = (
			);
			outputPaths = (
				"$(DERIVED_FILE_DIR)/Pods-Ariob-checkManifestLockResult.txt",
			);
			runOnlyForDeploymentPostprocessing = 0;
			shellPath = /bin/sh;
			shellScript = "diff \"${PODS_PODFILE_DIR_PATH}/Podfile.lock\" \"${PODS_ROOT}/Manifest.lock\" > /dev/null\nif [ $? != 0 ] ; then\n    # print error to STDERR\n    echo \"error: The sandbox is not in sync with the Podfile.lock. Run 'pod install' or update your CocoaPods installation.\" >&2\n    exit 1\nfi\n# This output is used by Xcode 'outputs' to avoid re-running this script phase.\necho \"SUCCESS\" > \"${SCRIPT_OUTPUT_FILE_0}\"\n";
			showEnvVarsInLog = 0;
		};
		630DD57A25E535E9668CEBF7 /* [CP] Copy Pods Resources */ = {
			isa = PBXShellScriptBuildPhase;
			buildActionMask = 2147483647;
			files = (
			);
			inputFileListPaths = (
				"${PODS_ROOT}/Target Support Files/Pods-Ariob/Pods-Ariob-resources-${CONFIGURATION}-input-files.xcfilelist",
			);
			name = "[CP] Copy Pods Resources";
			outputFileListPaths = (
				"${PODS_ROOT}/Target Support Files/Pods-Ariob/Pods-Ariob-resources-${CONFIGURATION}-output-files.xcfilelist",
			);
			runOnlyForDeploymentPostprocessing = 0;
			shellPath = /bin/sh;
			shellScript = "\"${PODS_ROOT}/Target Support Files/Pods-Ariob/Pods-Ariob-resources.sh\"\n";
			showEnvVarsInLog = 0;
		};
/* End PBXShellScriptBuildPhase section */

/* Begin PBXSourcesBuildPhase section */
		10305DA92D87ED200021DD5A /* Sources */ = {
			isa = PBXSourcesBuildPhase;
			buildActionMask = 2147483647;
			files = (
			);
			runOnlyForDeploymentPostprocessing = 0;
		};
		10305DC42D87ED230021DD5A /* Sources */ = {
			isa = PBXSourcesBuildPhase;
			buildActionMask = 2147483647;
			files = (
			);
			runOnlyForDeploymentPostprocessing = 0;
		};
		10305DCE2D87ED230021DD5A /* Sources */ = {
			isa = PBXSourcesBuildPhase;
			buildActionMask = 2147483647;
			files = (
			);
			runOnlyForDeploymentPostprocessing = 0;
		};
/* End PBXSourcesBuildPhase section */

/* Begin PBXTargetDependency section */
		10305DCA2D87ED230021DD5A /* PBXTargetDependency */ = {
			isa = PBXTargetDependency;
			target = 10305DAC2D87ED200021DD5A /* Ariob */;
			targetProxy = 10305DC92D87ED230021DD5A /* PBXContainerItemProxy */;
		};
		10305DD42D87ED230021DD5A /* PBXTargetDependency */ = {
			isa = PBXTargetDependency;
			target = 10305DAC2D87ED200021DD5A /* Ariob */;
			targetProxy = 10305DD32D87ED230021DD5A /* PBXContainerItemProxy */;
		};
/* End PBXTargetDependency section */

/* Begin XCBuildConfiguration section */
		10305DDC2D87ED230021DD5A /* Debug */ = {
			isa = XCBuildConfiguration;
			baseConfigurationReference = 5AFFBF0E735E78936CAE018D /* Pods-Ariob.debug.xcconfig */;
			buildSettings = {
				ASSETCATALOG_COMPILER_APPICON_NAME = AppIcon;
				ASSETCATALOG_COMPILER_GLOBAL_ACCENT_COLOR_NAME = AccentColor;
				CLANG_ENABLE_MODULES = YES;
				CODE_SIGN_IDENTITY = "Apple Development";
				CODE_SIGN_STYLE = Automatic;
				CURRENT_PROJECT_VERSION = 1;
				DEFINES_MODULE = YES;
				DEVELOPMENT_TEAM = G5Q4DZX2NT;
				GENERATE_INFOPLIST_FILE = YES;
				INFOPLIST_FILE = Ariob/Info.plist;
				INFOPLIST_KEY_UIApplicationSupportsIndirectInputEvents = YES;
				INFOPLIST_KEY_UILaunchStoryboardName = LaunchScreen;
				INFOPLIST_KEY_UIMainStoryboardFile = Main;
				INFOPLIST_KEY_UISupportedInterfaceOrientations_iPad = "UIInterfaceOrientationPortrait UIInterfaceOrientationPortraitUpsideDown UIInterfaceOrientationLandscapeLeft UIInterfaceOrientationLandscapeRight";
				INFOPLIST_KEY_UISupportedInterfaceOrientations_iPhone = "UIInterfaceOrientationPortrait UIInterfaceOrientationLandscapeLeft UIInterfaceOrientationLandscapeRight";
				LD_RUNPATH_SEARCH_PATHS = (
					"$(inherited)",
					"@executable_path/Frameworks",
				);
				MARKETING_VERSION = 1.0;
				PRODUCT_BUNDLE_IDENTIFIER = ariobstudio.Ariob;
				PRODUCT_NAME = "$(TARGET_NAME)";
				PROVISIONING_PROFILE_SPECIFIER = "";
				SWIFT_EMIT_LOC_STRINGS = YES;
				SWIFT_OBJC_BRIDGING_HEADER = "Ariob/modules/Ariob-Bridging-Header.h";
				SWIFT_OPTIMIZATION_LEVEL = "-Onone";
				SWIFT_VERSION = 6.0;
				TARGETED_DEVICE_FAMILY = "1,2";
			};
			name = Debug;
		};
		10305DDD2D87ED230021DD5A /* Release */ = {
			isa = XCBuildConfiguration;
			baseConfigurationReference = 55671280303B1509CF209C94 /* Pods-Ariob.release.xcconfig */;
			buildSettings = {
				ASSETCATALOG_COMPILER_APPICON_NAME = AppIcon;
				ASSETCATALOG_COMPILER_GLOBAL_ACCENT_COLOR_NAME = AccentColor;
				CLANG_ENABLE_MODULES = YES;
				CODE_SIGN_IDENTITY = "Apple Development";
				CODE_SIGN_STYLE = Automatic;
				CURRENT_PROJECT_VERSION = 1;
				DEFINES_MODULE = YES;
				DEVELOPMENT_TEAM = G5Q4DZX2NT;
				GENERATE_INFOPLIST_FILE = YES;
				INFOPLIST_FILE = Ariob/Info.plist;
				INFOPLIST_KEY_UIApplicationSupportsIndirectInputEvents = YES;
				INFOPLIST_KEY_UILaunchStoryboardName = LaunchScreen;
				INFOPLIST_KEY_UIMainStoryboardFile = Main;
				INFOPLIST_KEY_UISupportedInterfaceOrientations_iPad = "UIInterfaceOrientationPortrait UIInterfaceOrientationPortraitUpsideDown UIInterfaceOrientationLandscapeLeft UIInterfaceOrientationLandscapeRight";
				INFOPLIST_KEY_UISupportedInterfaceOrientations_iPhone = "UIInterfaceOrientationPortrait UIInterfaceOrientationLandscapeLeft UIInterfaceOrientationLandscapeRight";
				LD_RUNPATH_SEARCH_PATHS = (
					"$(inherited)",
					"@executable_path/Frameworks",
				);
				MARKETING_VERSION = 1.0;
				PRODUCT_BUNDLE_IDENTIFIER = ariobstudio.Ariob;
				PRODUCT_NAME = "$(TARGET_NAME)";
				PROVISIONING_PROFILE_SPECIFIER = "";
				SWIFT_EMIT_LOC_STRINGS = YES;
				SWIFT_OBJC_BRIDGING_HEADER = "Ariob/modules/Ariob-Bridging-Header.h";
				SWIFT_VERSION = 6.0;
				TARGETED_DEVICE_FAMILY = "1,2";
			};
			name = Release;
		};
		10305DDE2D87ED230021DD5A /* Debug */ = {
			isa = XCBuildConfiguration;
			buildSettings = {
				ALWAYS_SEARCH_USER_PATHS = NO;
				ASSETCATALOG_COMPILER_GENERATE_SWIFT_ASSET_SYMBOL_EXTENSIONS = YES;
				CLANG_ANALYZER_NONNULL = YES;
				CLANG_ANALYZER_NUMBER_OBJECT_CONVERSION = YES_AGGRESSIVE;
				CLANG_CXX_LANGUAGE_STANDARD = "gnu++20";
				CLANG_ENABLE_MODULES = YES;
				CLANG_ENABLE_OBJC_ARC = YES;
				CLANG_ENABLE_OBJC_WEAK = YES;
				CLANG_WARN_BLOCK_CAPTURE_AUTORELEASING = YES;
				CLANG_WARN_BOOL_CONVERSION = YES;
				CLANG_WARN_COMMA = YES;
				CLANG_WARN_CONSTANT_CONVERSION = YES;
				CLANG_WARN_DEPRECATED_OBJC_IMPLEMENTATIONS = YES;
				CLANG_WARN_DIRECT_OBJC_ISA_USAGE = YES_ERROR;
				CLANG_WARN_DOCUMENTATION_COMMENTS = YES;
				CLANG_WARN_EMPTY_BODY = YES;
				CLANG_WARN_ENUM_CONVERSION = YES;
				CLANG_WARN_INFINITE_RECURSION = YES;
				CLANG_WARN_INT_CONVERSION = YES;
				CLANG_WARN_NON_LITERAL_NULL_CONVERSION = YES;
				CLANG_WARN_OBJC_IMPLICIT_RETAIN_SELF = YES;
				CLANG_WARN_OBJC_LITERAL_CONVERSION = YES;
				CLANG_WARN_OBJC_ROOT_CLASS = YES_ERROR;
				CLANG_WARN_QUOTED_INCLUDE_IN_FRAMEWORK_HEADER = YES;
				CLANG_WARN_RANGE_LOOP_ANALYSIS = YES;
				CLANG_WARN_STRICT_PROTOTYPES = YES;
				CLANG_WARN_SUSPICIOUS_MOVE = YES;
				CLANG_WARN_UNGUARDED_AVAILABILITY = YES_AGGRESSIVE;
				CLANG_WARN_UNREACHABLE_CODE = YES;
				CLANG_WARN__DUPLICATE_METHOD_MATCH = YES;
				COPY_PHASE_STRIP = NO;
				DEBUG_INFORMATION_FORMAT = dwarf;
				DEFINES_MODULE = YES;
				ENABLE_STRICT_OBJC_MSGSEND = YES;
				ENABLE_TESTABILITY = YES;
				ENABLE_USER_SCRIPT_SANDBOXING = NO;
				GCC_C_LANGUAGE_STANDARD = gnu17;
				GCC_DYNAMIC_NO_PIC = NO;
				GCC_NO_COMMON_BLOCKS = YES;
				GCC_OPTIMIZATION_LEVEL = 0;
				GCC_PREPROCESSOR_DEFINITIONS = (
					"DEBUG=1",
					"$(inherited)",
				);
				GCC_WARN_64_TO_32_BIT_CONVERSION = YES;
				GCC_WARN_ABOUT_RETURN_TYPE = YES_ERROR;
				GCC_WARN_UNDECLARED_SELECTOR = YES;
				GCC_WARN_UNINITIALIZED_AUTOS = YES_AGGRESSIVE;
				GCC_WARN_UNUSED_FUNCTION = YES;
				GCC_WARN_UNUSED_VARIABLE = YES;
				IPHONEOS_DEPLOYMENT_TARGET = 18.2;
				LOCALIZATION_PREFERS_STRING_CATALOGS = YES;
				MTL_ENABLE_DEBUG_INFO = INCLUDE_SOURCE;
				MTL_FAST_MATH = YES;
				ONLY_ACTIVE_ARCH = YES;
				SDKROOT = iphoneos;
			};
			name = Debug;
		};
		10305DDF2D87ED230021DD5A /* Release */ = {
			isa = XCBuildConfiguration;
			buildSettings = {
				ALWAYS_SEARCH_USER_PATHS = NO;
				ASSETCATALOG_COMPILER_GENERATE_SWIFT_ASSET_SYMBOL_EXTENSIONS = YES;
				CLANG_ANALYZER_NONNULL = YES;
				CLANG_ANALYZER_NUMBER_OBJECT_CONVERSION = YES_AGGRESSIVE;
				CLANG_CXX_LANGUAGE_STANDARD = "gnu++20";
				CLANG_ENABLE_MODULES = YES;
				CLANG_ENABLE_OBJC_ARC = YES;
				CLANG_ENABLE_OBJC_WEAK = YES;
				CLANG_WARN_BLOCK_CAPTURE_AUTORELEASING = YES;
				CLANG_WARN_BOOL_CONVERSION = YES;
				CLANG_WARN_COMMA = YES;
				CLANG_WARN_CONSTANT_CONVERSION = YES;
				CLANG_WARN_DEPRECATED_OBJC_IMPLEMENTATIONS = YES;
				CLANG_WARN_DIRECT_OBJC_ISA_USAGE = YES_ERROR;
				CLANG_WARN_DOCUMENTATION_COMMENTS = YES;
				CLANG_WARN_EMPTY_BODY = YES;
				CLANG_WARN_ENUM_CONVERSION = YES;
				CLANG_WARN_INFINITE_RECURSION = YES;
				CLANG_WARN_INT_CONVERSION = YES;
				CLANG_WARN_NON_LITERAL_NULL_CONVERSION = YES;
				CLANG_WARN_OBJC_IMPLICIT_RETAIN_SELF = YES;
				CLANG_WARN_OBJC_LITERAL_CONVERSION = YES;
				CLANG_WARN_OBJC_ROOT_CLASS = YES_ERROR;
				CLANG_WARN_QUOTED_INCLUDE_IN_FRAMEWORK_HEADER = YES;
				CLANG_WARN_RANGE_LOOP_ANALYSIS = YES;
				CLANG_WARN_STRICT_PROTOTYPES = YES;
				CLANG_WARN_SUSPICIOUS_MOVE = YES;
				CLANG_WARN_UNGUARDED_AVAILABILITY = YES_AGGRESSIVE;
				CLANG_WARN_UNREACHABLE_CODE = YES;
				CLANG_WARN__DUPLICATE_METHOD_MATCH = YES;
				COPY_PHASE_STRIP = NO;
				DEBUG_INFORMATION_FORMAT = "dwarf-with-dsym";
				DEFINES_MODULE = YES;
				ENABLE_NS_ASSERTIONS = NO;
				ENABLE_STRICT_OBJC_MSGSEND = YES;
				ENABLE_USER_SCRIPT_SANDBOXING = NO;
				GCC_C_LANGUAGE_STANDARD = gnu17;
				GCC_NO_COMMON_BLOCKS = YES;
				GCC_WARN_64_TO_32_BIT_CONVERSION = YES;
				GCC_WARN_ABOUT_RETURN_TYPE = YES_ERROR;
				GCC_WARN_UNDECLARED_SELECTOR = YES;
				GCC_WARN_UNINITIALIZED_AUTOS = YES_AGGRESSIVE;
				GCC_WARN_UNUSED_FUNCTION = YES;
				GCC_WARN_UNUSED_VARIABLE = YES;
				IPHONEOS_DEPLOYMENT_TARGET = 18.2;
				LOCALIZATION_PREFERS_STRING_CATALOGS = YES;
				MTL_ENABLE_DEBUG_INFO = NO;
				MTL_FAST_MATH = YES;
				SDKROOT = iphoneos;
				VALIDATE_PRODUCT = YES;
			};
			name = Release;
		};
		10305DE12D87ED230021DD5A /* Debug */ = {
			isa = XCBuildConfiguration;
			buildSettings = {
				BUNDLE_LOADER = "$(TEST_HOST)";
				CODE_SIGN_STYLE = Automatic;
				CURRENT_PROJECT_VERSION = 1;
				DEVELOPMENT_TEAM = G5Q4DZX2NT;
				GENERATE_INFOPLIST_FILE = YES;
				IPHONEOS_DEPLOYMENT_TARGET = 18.2;
				MARKETING_VERSION = 1.0;
				PRODUCT_BUNDLE_IDENTIFIER = ariobstudio.AriobTests;
				PRODUCT_NAME = "$(TARGET_NAME)";
				SWIFT_EMIT_LOC_STRINGS = NO;
				TARGETED_DEVICE_FAMILY = "1,2";
				TEST_HOST = "$(BUILT_PRODUCTS_DIR)/Ariob.app/$(BUNDLE_EXECUTABLE_FOLDER_PATH)/Ariob";
			};
			name = Debug;
		};
		10305DE22D87ED230021DD5A /* Release */ = {
			isa = XCBuildConfiguration;
			buildSettings = {
				BUNDLE_LOADER = "$(TEST_HOST)";
				CODE_SIGN_STYLE = Automatic;
				CURRENT_PROJECT_VERSION = 1;
				DEVELOPMENT_TEAM = G5Q4DZX2NT;
				GENERATE_INFOPLIST_FILE = YES;
				IPHONEOS_DEPLOYMENT_TARGET = 18.2;
				MARKETING_VERSION = 1.0;
				PRODUCT_BUNDLE_IDENTIFIER = ariobstudio.AriobTests;
				PRODUCT_NAME = "$(TARGET_NAME)";
				SWIFT_EMIT_LOC_STRINGS = NO;
				TARGETED_DEVICE_FAMILY = "1,2";
				TEST_HOST = "$(BUILT_PRODUCTS_DIR)/Ariob.app/$(BUNDLE_EXECUTABLE_FOLDER_PATH)/Ariob";
			};
			name = Release;
		};
		10305DE42D87ED230021DD5A /* Debug */ = {
			isa = XCBuildConfiguration;
			buildSettings = {
				CODE_SIGN_STYLE = Automatic;
				CURRENT_PROJECT_VERSION = 1;
				DEVELOPMENT_TEAM = G5Q4DZX2NT;
				GENERATE_INFOPLIST_FILE = YES;
				MARKETING_VERSION = 1.0;
				PRODUCT_BUNDLE_IDENTIFIER = ariobstudio.AriobUITests;
				PRODUCT_NAME = "$(TARGET_NAME)";
				SWIFT_EMIT_LOC_STRINGS = NO;
				TARGETED_DEVICE_FAMILY = "1,2";
				TEST_TARGET_NAME = Ariob;
			};
			name = Debug;
		};
		10305DE52D87ED230021DD5A /* Release */ = {
			isa = XCBuildConfiguration;
			buildSettings = {
				CODE_SIGN_STYLE = Automatic;
				CURRENT_PROJECT_VERSION = 1;
				DEVELOPMENT_TEAM = G5Q4DZX2NT;
				GENERATE_INFOPLIST_FILE = YES;
				MARKETING_VERSION = 1.0;
				PRODUCT_BUNDLE_IDENTIFIER = ariobstudio.AriobUITests;
				PRODUCT_NAME = "$(TARGET_NAME)";
				SWIFT_EMIT_LOC_STRINGS = NO;
				TARGETED_DEVICE_FAMILY = "1,2";
				TEST_TARGET_NAME = Ariob;
			};
			name = Release;
		};
/* End XCBuildConfiguration section */

/* Begin XCConfigurationList section */
		10305DA82D87ED200021DD5A /* Build configuration list for PBXProject "Ariob" */ = {
			isa = XCConfigurationList;
			buildConfigurations = (
				10305DDE2D87ED230021DD5A /* Debug */,
				10305DDF2D87ED230021DD5A /* Release */,
			);
			defaultConfigurationIsVisible = 0;
			defaultConfigurationName = Debug;
		};
		10305DDB2D87ED230021DD5A /* Build configuration list for PBXNativeTarget "Ariob" */ = {
			isa = XCConfigurationList;
			buildConfigurations = (
				10305DDC2D87ED230021DD5A /* Debug */,
				10305DDD2D87ED230021DD5A /* Release */,
			);
			defaultConfigurationIsVisible = 0;
			defaultConfigurationName = Debug;
		};
		10305DE02D87ED230021DD5A /* Build configuration list for PBXNativeTarget "AriobTests" */ = {
			isa = XCConfigurationList;
			buildConfigurations = (
				10305DE12D87ED230021DD5A /* Debug */,
				10305DE22D87ED230021DD5A /* Release */,
			);
			defaultConfigurationIsVisible = 0;
			defaultConfigurationName = Debug;
		};
		10305DE32D87ED230021DD5A /* Build configuration list for PBXNativeTarget "AriobUITests" */ = {
			isa = XCConfigurationList;
			buildConfigurations = (
				10305DE42D87ED230021DD5A /* Debug */,
				10305DE52D87ED230021DD5A /* Release */,
			);
			defaultConfigurationIsVisible = 0;
			defaultConfigurationName = Debug;
		};
/* End XCConfigurationList section */
	};
	rootObject = 10305DA52D87ED200021DD5A /* Project object */;
}
